// !$*UTF8*$!
{
	archiveVersion = 1;
	classes = {
	};
	objectVersion = 42;
	objects = {

/* Begin PBXBuildFile section */
		6003258714F1EB410022DB63 /* common.cpp in Sources */ = {isa = PBXBuildFile; fileRef = 6003250614F1EB410022DB63 /* common.cpp */; };
		6003258814F1EB410022DB63 /* distances.cpp in Sources */ = {isa = PBXBuildFile; fileRef = 6003250714F1EB410022DB63 /* distances.cpp */; };
		6003258914F1EB410022DB63 /* intersections.cpp in Sources */ = {isa = PBXBuildFile; fileRef = 6003250814F1EB410022DB63 /* intersections.cpp */; };
		6003258A14F1EB410022DB63 /* io.cpp in Sources */ = {isa = PBXBuildFile; fileRef = 6003250914F1EB410022DB63 /* io.cpp */; };
		6003258B14F1EB410022DB63 /* parse.cpp in Sources */ = {isa = PBXBuildFile; fileRef = 6003250A14F1EB410022DB63 /* parse.cpp */; };
		6003258C14F1EB410022DB63 /* pcl_base.cpp in Sources */ = {isa = PBXBuildFile; fileRef = 6003250B14F1EB410022DB63 /* pcl_base.cpp */; };
		6003258D14F1EB410022DB63 /* poses_from_matches.cpp in Sources */ = {isa = PBXBuildFile; fileRef = 6003250C14F1EB410022DB63 /* poses_from_matches.cpp */; };
		6003258E14F1EB410022DB63 /* print.cpp in Sources */ = {isa = PBXBuildFile; fileRef = 6003250D14F1EB410022DB63 /* print.cpp */; };
		6003258F14F1EB410022DB63 /* time_trigger.cpp in Sources */ = {isa = PBXBuildFile; fileRef = 6003250E14F1EB410022DB63 /* time_trigger.cpp */; };
		6003259014F1EB410022DB63 /* boundary.cpp in Sources */ = {isa = PBXBuildFile; fileRef = 6003251014F1EB410022DB63 /* boundary.cpp */; };
		6003259114F1EB410022DB63 /* cvfh.cpp in Sources */ = {isa = PBXBuildFile; fileRef = 6003251114F1EB410022DB63 /* cvfh.cpp */; };
		6003259214F1EB410022DB63 /* feature.cpp in Sources */ = {isa = PBXBuildFile; fileRef = 6003251214F1EB410022DB63 /* feature.cpp */; };
		6003259314F1EB410022DB63 /* fpfh.cpp in Sources */ = {isa = PBXBuildFile; fileRef = 6003251314F1EB410022DB63 /* fpfh.cpp */; };
		6003259414F1EB410022DB63 /* fpfh_omp.cpp in Sources */ = {isa = PBXBuildFile; fileRef = 6003251414F1EB410022DB63 /* fpfh_omp.cpp */; };
		6003259514F1EB410022DB63 /* integral_image_normal.cpp in Sources */ = {isa = PBXBuildFile; fileRef = 6003251514F1EB410022DB63 /* integral_image_normal.cpp */; };
		6003259614F1EB410022DB63 /* intensity_gradient.cpp in Sources */ = {isa = PBXBuildFile; fileRef = 6003251614F1EB410022DB63 /* intensity_gradient.cpp */; };
		6003259714F1EB410022DB63 /* intensity_spin.cpp in Sources */ = {isa = PBXBuildFile; fileRef = 6003251714F1EB410022DB63 /* intensity_spin.cpp */; };
		6003259814F1EB410022DB63 /* moment_invariants.cpp in Sources */ = {isa = PBXBuildFile; fileRef = 6003251814F1EB410022DB63 /* moment_invariants.cpp */; };
		6003259914F1EB410022DB63 /* multiscale_feature_persistence.cpp in Sources */ = {isa = PBXBuildFile; fileRef = 6003251914F1EB410022DB63 /* multiscale_feature_persistence.cpp */; };
		6003259A14F1EB410022DB63 /* narf.cpp in Sources */ = {isa = PBXBuildFile; fileRef = 6003251A14F1EB410022DB63 /* narf.cpp */; };
		6003259B14F1EB410022DB63 /* narf_descriptor.cpp in Sources */ = {isa = PBXBuildFile; fileRef = 6003251B14F1EB410022DB63 /* narf_descriptor.cpp */; };
		6003259C14F1EB410022DB63 /* normal_3d.cpp in Sources */ = {isa = PBXBuildFile; fileRef = 6003251C14F1EB410022DB63 /* normal_3d.cpp */; };
		6003259D14F1EB410022DB63 /* normal_3d_omp.cpp in Sources */ = {isa = PBXBuildFile; fileRef = 6003251D14F1EB410022DB63 /* normal_3d_omp.cpp */; };
		6003259E14F1EB410022DB63 /* pfh.cpp in Sources */ = {isa = PBXBuildFile; fileRef = 6003251E14F1EB410022DB63 /* pfh.cpp */; };
		6003259F14F1EB410022DB63 /* ppf.cpp in Sources */ = {isa = PBXBuildFile; fileRef = 6003251F14F1EB410022DB63 /* ppf.cpp */; };
		600325A014F1EB410022DB63 /* range_image_border_extractor.cpp in Sources */ = {isa = PBXBuildFile; fileRef = 6003252014F1EB410022DB63 /* range_image_border_extractor.cpp */; };
		600325A114F1EB410022DB63 /* rift.cpp in Sources */ = {isa = PBXBuildFile; fileRef = 6003252114F1EB410022DB63 /* rift.cpp */; };
		600325A214F1EB410022DB63 /* rsd.cpp in Sources */ = {isa = PBXBuildFile; fileRef = 6003252214F1EB410022DB63 /* rsd.cpp */; };
		600325A314F1EB410022DB63 /* shot.cpp in Sources */ = {isa = PBXBuildFile; fileRef = 6003252314F1EB410022DB63 /* shot.cpp */; };
		600325A414F1EB410022DB63 /* shot_omp.cpp in Sources */ = {isa = PBXBuildFile; fileRef = 6003252414F1EB410022DB63 /* shot_omp.cpp */; };
		600325A514F1EB410022DB63 /* statistical_multiscale_interest_region_extraction.cpp in Sources */ = {isa = PBXBuildFile; fileRef = 6003252514F1EB410022DB63 /* statistical_multiscale_interest_region_extraction.cpp */; };
		600325A614F1EB410022DB63 /* vfh.cpp in Sources */ = {isa = PBXBuildFile; fileRef = 6003252614F1EB410022DB63 /* vfh.cpp */; };
		600325A714F1EB410022DB63 /* conditional_removal.cpp in Sources */ = {isa = PBXBuildFile; fileRef = 6003252814F1EB410022DB63 /* conditional_removal.cpp */; };
		600325A814F1EB410022DB63 /* extract_indices.cpp in Sources */ = {isa = PBXBuildFile; fileRef = 6003252914F1EB410022DB63 /* extract_indices.cpp */; };
		600325A914F1EB410022DB63 /* filter.cpp in Sources */ = {isa = PBXBuildFile; fileRef = 6003252A14F1EB410022DB63 /* filter.cpp */; };
		600325AA14F1EB410022DB63 /* passthrough.cpp in Sources */ = {isa = PBXBuildFile; fileRef = 6003252B14F1EB410022DB63 /* passthrough.cpp */; };
		600325AB14F1EB410022DB63 /* project_inliers.cpp in Sources */ = {isa = PBXBuildFile; fileRef = 6003252C14F1EB410022DB63 /* project_inliers.cpp */; };
		600325AC14F1EB410022DB63 /* radius_outlier_removal.cpp in Sources */ = {isa = PBXBuildFile; fileRef = 6003252D14F1EB410022DB63 /* radius_outlier_removal.cpp */; };
		600325AD14F1EB410022DB63 /* statistical_outlier_removal.cpp in Sources */ = {isa = PBXBuildFile; fileRef = 6003252E14F1EB410022DB63 /* statistical_outlier_removal.cpp */; };
		600325AE14F1EB410022DB63 /* voxel_grid.cpp in Sources */ = {isa = PBXBuildFile; fileRef = 6003252F14F1EB410022DB63 /* voxel_grid.cpp */; };
		600325AF14F1EB410022DB63 /* compression.cpp in Sources */ = {isa = PBXBuildFile; fileRef = 6003253114F1EB410022DB63 /* compression.cpp */; };
		600325B014F1EB410022DB63 /* oni_grabber.cpp in Sources */ = {isa = PBXBuildFile; fileRef = 6003253214F1EB410022DB63 /* oni_grabber.cpp */; };
		600325B114F1EB410022DB63 /* openni_depth_image.cpp in Sources */ = {isa = PBXBuildFile; fileRef = 6003253414F1EB410022DB63 /* openni_depth_image.cpp */; };
		600325B214F1EB410022DB63 /* openni_device.cpp in Sources */ = {isa = PBXBuildFile; fileRef = 6003253514F1EB410022DB63 /* openni_device.cpp */; };
		600325B314F1EB410022DB63 /* openni_device_kinect.cpp in Sources */ = {isa = PBXBuildFile; fileRef = 6003253614F1EB410022DB63 /* openni_device_kinect.cpp */; };
		600325B414F1EB410022DB63 /* openni_device_oni.cpp in Sources */ = {isa = PBXBuildFile; fileRef = 6003253714F1EB410022DB63 /* openni_device_oni.cpp */; };
		600325B514F1EB410022DB63 /* openni_device_primesense.cpp in Sources */ = {isa = PBXBuildFile; fileRef = 6003253814F1EB410022DB63 /* openni_device_primesense.cpp */; };
		600325B614F1EB410022DB63 /* openni_device_xtion.cpp in Sources */ = {isa = PBXBuildFile; fileRef = 6003253914F1EB410022DB63 /* openni_device_xtion.cpp */; };
		600325B714F1EB410022DB63 /* openni_driver.cpp in Sources */ = {isa = PBXBuildFile; fileRef = 6003253A14F1EB410022DB63 /* openni_driver.cpp */; };
		600325B814F1EB410022DB63 /* openni_exception.cpp in Sources */ = {isa = PBXBuildFile; fileRef = 6003253B14F1EB410022DB63 /* openni_exception.cpp */; };
		600325B914F1EB410022DB63 /* openni_image_bayer_grbg.cpp in Sources */ = {isa = PBXBuildFile; fileRef = 6003253C14F1EB410022DB63 /* openni_image_bayer_grbg.cpp */; };
		600325BA14F1EB410022DB63 /* openni_image_rgb24.cpp in Sources */ = {isa = PBXBuildFile; fileRef = 6003253D14F1EB410022DB63 /* openni_image_rgb24.cpp */; };
		600325BB14F1EB410022DB63 /* openni_image_yuv_422.cpp in Sources */ = {isa = PBXBuildFile; fileRef = 6003253E14F1EB410022DB63 /* openni_image_yuv_422.cpp */; };
		600325BC14F1EB410022DB63 /* openni_ir_image.cpp in Sources */ = {isa = PBXBuildFile; fileRef = 6003253F14F1EB410022DB63 /* openni_ir_image.cpp */; };
		600325BD14F1EB410022DB63 /* openni_grabber.cpp in Sources */ = {isa = PBXBuildFile; fileRef = 6003254014F1EB410022DB63 /* openni_grabber.cpp */; };
		600325BE14F1EB410022DB63 /* pcd_grabber.cpp in Sources */ = {isa = PBXBuildFile; fileRef = 6003254114F1EB410022DB63 /* pcd_grabber.cpp */; };
		600325BF14F1EB410022DB63 /* pcd_io.cpp in Sources */ = {isa = PBXBuildFile; fileRef = 6003254214F1EB410022DB63 /* pcd_io.cpp */; };
		600325C014F1EB410022DB63 /* ply_io.cpp in Sources */ = {isa = PBXBuildFile; fileRef = 6003254314F1EB410022DB63 /* ply_io.cpp */; };
		600325C114F1EB410022DB63 /* vtk_io.cpp in Sources */ = {isa = PBXBuildFile; fileRef = 6003254414F1EB410022DB63 /* vtk_io.cpp */; };
		600325C214F1EB410022DB63 /* kdtree.cpp in Sources */ = {isa = PBXBuildFile; fileRef = 6003254614F1EB410022DB63 /* kdtree.cpp */; };
		600325C314F1EB410022DB63 /* kdtree_flann.cpp in Sources */ = {isa = PBXBuildFile; fileRef = 6003254714F1EB410022DB63 /* kdtree_flann.cpp */; };
		600325C414F1EB410022DB63 /* organized_data.cpp in Sources */ = {isa = PBXBuildFile; fileRef = 6003254814F1EB410022DB63 /* organized_data.cpp */; };
		600325C514F1EB410022DB63 /* organized_neighbor_search.cpp in Sources */ = {isa = PBXBuildFile; fileRef = 6003254914F1EB410022DB63 /* organized_neighbor_search.cpp */; };
		600325C614F1EB410022DB63 /* tree_types.cpp in Sources */ = {isa = PBXBuildFile; fileRef = 6003254A14F1EB410022DB63 /* tree_types.cpp */; };
		600325C714F1EB410022DB63 /* narf_keypoint.cpp in Sources */ = {isa = PBXBuildFile; fileRef = 6003254C14F1EB410022DB63 /* narf_keypoint.cpp */; };
		600325C814F1EB410022DB63 /* uniform_sampling.cpp in Sources */ = {isa = PBXBuildFile; fileRef = 6003254D14F1EB410022DB63 /* uniform_sampling.cpp */; };
		600325C914F1EB410022DB63 /* octree_impl.cpp in Sources */ = {isa = PBXBuildFile; fileRef = 6003254F14F1EB410022DB63 /* octree_impl.cpp */; };
		600325CA14F1EB410022DB63 /* range_image.cpp in Sources */ = {isa = PBXBuildFile; fileRef = 6003255114F1EB410022DB63 /* range_image.cpp */; };
		600325CB14F1EB410022DB63 /* range_image_planar.cpp in Sources */ = {isa = PBXBuildFile; fileRef = 6003255214F1EB410022DB63 /* range_image_planar.cpp */; };
		600325CC14F1EB410022DB63 /* correspondence_estimation.cpp in Sources */ = {isa = PBXBuildFile; fileRef = 6003255414F1EB410022DB63 /* correspondence_estimation.cpp */; };
		600325CD14F1EB410022DB63 /* pyramid_feature_matching.cpp in Sources */ = {isa = PBXBuildFile; fileRef = 6003255514F1EB410022DB63 /* pyramid_feature_matching.cpp */; };
		600325CE14F1EB410022DB63 /* registration.cpp in Sources */ = {isa = PBXBuildFile; fileRef = 6003255614F1EB410022DB63 /* registration.cpp */; };
		600325CF14F1EB410022DB63 /* lmeds.cpp in Sources */ = {isa = PBXBuildFile; fileRef = 6003255814F1EB410022DB63 /* lmeds.cpp */; };
		600325D014F1EB410022DB63 /* mlesac.cpp in Sources */ = {isa = PBXBuildFile; fileRef = 6003255914F1EB410022DB63 /* mlesac.cpp */; };
		600325D114F1EB410022DB63 /* msac.cpp in Sources */ = {isa = PBXBuildFile; fileRef = 6003255A14F1EB410022DB63 /* msac.cpp */; };
		600325D214F1EB410022DB63 /* prosac.cpp in Sources */ = {isa = PBXBuildFile; fileRef = 6003255B14F1EB410022DB63 /* prosac.cpp */; };
		600325D314F1EB410022DB63 /* ransac.cpp in Sources */ = {isa = PBXBuildFile; fileRef = 6003255C14F1EB410022DB63 /* ransac.cpp */; };
		600325D414F1EB410022DB63 /* rmsac.cpp in Sources */ = {isa = PBXBuildFile; fileRef = 6003255D14F1EB410022DB63 /* rmsac.cpp */; };
		600325D514F1EB410022DB63 /* rransac.cpp in Sources */ = {isa = PBXBuildFile; fileRef = 6003255E14F1EB410022DB63 /* rransac.cpp */; };
		600325D614F1EB410022DB63 /* sac_model_circle.cpp in Sources */ = {isa = PBXBuildFile; fileRef = 6003255F14F1EB410022DB63 /* sac_model_circle.cpp */; };
		600325D714F1EB410022DB63 /* sac_model_cylinder.cpp in Sources */ = {isa = PBXBuildFile; fileRef = 6003256014F1EB410022DB63 /* sac_model_cylinder.cpp */; };
		600325D814F1EB410022DB63 /* sac_model_line.cpp in Sources */ = {isa = PBXBuildFile; fileRef = 6003256114F1EB410022DB63 /* sac_model_line.cpp */; };
		600325D914F1EB410022DB63 /* sac_model_normal_parallel_plane.cpp in Sources */ = {isa = PBXBuildFile; fileRef = 6003256214F1EB410022DB63 /* sac_model_normal_parallel_plane.cpp */; };
		600325DA14F1EB410022DB63 /* sac_model_normal_plane.cpp in Sources */ = {isa = PBXBuildFile; fileRef = 6003256314F1EB410022DB63 /* sac_model_normal_plane.cpp */; };
		600325DB14F1EB410022DB63 /* sac_model_parallel_line.cpp in Sources */ = {isa = PBXBuildFile; fileRef = 6003256414F1EB410022DB63 /* sac_model_parallel_line.cpp */; };
		600325DC14F1EB410022DB63 /* sac_model_parallel_plane.cpp in Sources */ = {isa = PBXBuildFile; fileRef = 6003256514F1EB410022DB63 /* sac_model_parallel_plane.cpp */; };
		600325DD14F1EB410022DB63 /* sac_model_perpendicular_plane.cpp in Sources */ = {isa = PBXBuildFile; fileRef = 6003256614F1EB410022DB63 /* sac_model_perpendicular_plane.cpp */; };
		600325DE14F1EB410022DB63 /* sac_model_plane.cpp in Sources */ = {isa = PBXBuildFile; fileRef = 6003256714F1EB410022DB63 /* sac_model_plane.cpp */; };
		600325DF14F1EB410022DB63 /* sac_model_registration.cpp in Sources */ = {isa = PBXBuildFile; fileRef = 6003256814F1EB410022DB63 /* sac_model_registration.cpp */; };
		600325E014F1EB410022DB63 /* sac_model_sphere.cpp in Sources */ = {isa = PBXBuildFile; fileRef = 6003256914F1EB410022DB63 /* sac_model_sphere.cpp */; };
		600325E114F1EB410022DB63 /* sac_model_stick.cpp in Sources */ = {isa = PBXBuildFile; fileRef = 6003256A14F1EB410022DB63 /* sac_model_stick.cpp */; };
		600325E214F1EB410022DB63 /* extract_clusters.cpp in Sources */ = {isa = PBXBuildFile; fileRef = 6003256C14F1EB410022DB63 /* extract_clusters.cpp */; };
		600325E314F1EB410022DB63 /* extract_polygonal_prism_data.cpp in Sources */ = {isa = PBXBuildFile; fileRef = 6003256D14F1EB410022DB63 /* extract_polygonal_prism_data.cpp */; };
		600325E414F1EB410022DB63 /* sac_segmentation.cpp in Sources */ = {isa = PBXBuildFile; fileRef = 6003256E14F1EB410022DB63 /* sac_segmentation.cpp */; };
		600325E514F1EB410022DB63 /* segment_differences.cpp in Sources */ = {isa = PBXBuildFile; fileRef = 6003256F14F1EB410022DB63 /* segment_differences.cpp */; };
		600325E614F1EB410022DB63 /* concave_hull.cpp in Sources */ = {isa = PBXBuildFile; fileRef = 6003257114F1EB410022DB63 /* concave_hull.cpp */; };
		600325E714F1EB410022DB63 /* convex_hull.cpp in Sources */ = {isa = PBXBuildFile; fileRef = 6003257214F1EB410022DB63 /* convex_hull.cpp */; };
		600325E814F1EB410022DB63 /* gp3.cpp in Sources */ = {isa = PBXBuildFile; fileRef = 6003257314F1EB410022DB63 /* gp3.cpp */; };
		600325E914F1EB410022DB63 /* grid_projection.cpp in Sources */ = {isa = PBXBuildFile; fileRef = 6003257414F1EB410022DB63 /* grid_projection.cpp */; };
		600325EA14F1EB410022DB63 /* marching_cubes.cpp in Sources */ = {isa = PBXBuildFile; fileRef = 6003257514F1EB410022DB63 /* marching_cubes.cpp */; };
		600325EB14F1EB410022DB63 /* marching_cubes_greedy.cpp in Sources */ = {isa = PBXBuildFile; fileRef = 6003257614F1EB410022DB63 /* marching_cubes_greedy.cpp */; };
		600325EC14F1EB410022DB63 /* mls.cpp in Sources */ = {isa = PBXBuildFile; fileRef = 6003257714F1EB410022DB63 /* mls.cpp */; };
		600325ED14F1EB410022DB63 /* organized_fast_mesh.cpp in Sources */ = {isa = PBXBuildFile; fileRef = 6003257814F1EB410022DB63 /* organized_fast_mesh.cpp */; };
		600325EE14F1EB410022DB63 /* simplification_remove_unused_vertices.cpp in Sources */ = {isa = PBXBuildFile; fileRef = 6003257914F1EB410022DB63 /* simplification_remove_unused_vertices.cpp */; };
		600325EF14F1EB410022DB63 /* surfel_smoothing.cpp in Sources */ = {isa = PBXBuildFile; fileRef = 6003257A14F1EB410022DB63 /* surfel_smoothing.cpp */; };
		600325F014F1EB410022DB63 /* ofxPCL.cpp in Sources */ = {isa = PBXBuildFile; fileRef = 6003257D14F1EB410022DB63 /* ofxPCL.cpp */; };
		6003450114F1F0300022DB63 /* libboost_filesystem-xgcc42-mt-1_43.a in Frameworks */ = {isa = PBXBuildFile; fileRef = 600325F514F1F0200022DB63 /* libboost_filesystem-xgcc42-mt-1_43.a */; };
		6003450214F1F0300022DB63 /* libboost_regex-xgcc42-mt-1_43.a in Frameworks */ = {isa = PBXBuildFile; fileRef = 600325F614F1F0200022DB63 /* libboost_regex-xgcc42-mt-1_43.a */; };
		6003450314F1F0300022DB63 /* libboost_system-xgcc42-mt-1_43.a in Frameworks */ = {isa = PBXBuildFile; fileRef = 600325F714F1F0200022DB63 /* libboost_system-xgcc42-mt-1_43.a */; };
		6003450414F1F0300022DB63 /* libboost_thread-xgcc42-mt-1_43.a in Frameworks */ = {isa = PBXBuildFile; fileRef = 600325F814F1F0200022DB63 /* libboost_thread-xgcc42-mt-1_43.a */; };
		6003450514F1F0300022DB63 /* libboost_filesystem-mgw34-mt-1_43.a in Frameworks */ = {isa = PBXBuildFile; fileRef = 600325FA14F1F0200022DB63 /* libboost_filesystem-mgw34-mt-1_43.a */; };
		6003450614F1F0300022DB63 /* libboost_filesystem-mgw34-mt-d-1_43.a in Frameworks */ = {isa = PBXBuildFile; fileRef = 600325FB14F1F0200022DB63 /* libboost_filesystem-mgw34-mt-d-1_43.a */; };
		6003450714F1F0300022DB63 /* libboost_system-mgw34-mt-1_43.a in Frameworks */ = {isa = PBXBuildFile; fileRef = 600325FC14F1F0200022DB63 /* libboost_system-mgw34-mt-1_43.a */; };
		6003450814F1F0300022DB63 /* libboost_system-mgw34-mt-d-1_43.a in Frameworks */ = {isa = PBXBuildFile; fileRef = 600325FD14F1F0200022DB63 /* libboost_system-mgw34-mt-d-1_43.a */; };
		6003450914F1F0300022DB63 /* libboost_thread-mgw34-mt-1_43.a in Frameworks */ = {isa = PBXBuildFile; fileRef = 600325FE14F1F0200022DB63 /* libboost_thread-mgw34-mt-1_43.a */; };
		6003450A14F1F0300022DB63 /* libboost_thread-mgw34-mt-d-1_43.a in Frameworks */ = {isa = PBXBuildFile; fileRef = 600325FF14F1F0200022DB63 /* libboost_thread-mgw34-mt-d-1_43.a */; };
		6003450B14F1F0300022DB63 /* libboost_filesystem-mgw44-mt-1_43.a in Frameworks */ = {isa = PBXBuildFile; fileRef = 6003260114F1F0200022DB63 /* libboost_filesystem-mgw44-mt-1_43.a */; };
		6003450C14F1F0300022DB63 /* libboost_filesystem-mgw44-mt-d-1_43.a in Frameworks */ = {isa = PBXBuildFile; fileRef = 6003260214F1F0200022DB63 /* libboost_filesystem-mgw44-mt-d-1_43.a */; };
		6003450D14F1F0300022DB63 /* libboost_filesystem-vc90-mt-1_43.lib in Frameworks */ = {isa = PBXBuildFile; fileRef = 6003260314F1F0200022DB63 /* libboost_filesystem-vc90-mt-1_43.lib */; };
		6003450E14F1F0300022DB63 /* libboost_filesystem-vc90-mt-gd-1_43.lib in Frameworks */ = {isa = PBXBuildFile; fileRef = 6003260414F1F0200022DB63 /* libboost_filesystem-vc90-mt-gd-1_43.lib */; };
		6003450F14F1F0300022DB63 /* libboost_filesystem-vc90-mt-gd.lib in Frameworks */ = {isa = PBXBuildFile; fileRef = 6003260514F1F0200022DB63 /* libboost_filesystem-vc90-mt-gd.lib */; };
		6003451014F1F0300022DB63 /* libboost_filesystem-vc90-mt.lib in Frameworks */ = {isa = PBXBuildFile; fileRef = 6003260614F1F0200022DB63 /* libboost_filesystem-vc90-mt.lib */; };
		6003451114F1F0300022DB63 /* libboost_system-mgw44-mt-1_43.a in Frameworks */ = {isa = PBXBuildFile; fileRef = 6003260714F1F0200022DB63 /* libboost_system-mgw44-mt-1_43.a */; };
		6003451214F1F0300022DB63 /* libboost_system-mgw44-mt-d-1_43.a in Frameworks */ = {isa = PBXBuildFile; fileRef = 6003260814F1F0200022DB63 /* libboost_system-mgw44-mt-d-1_43.a */; };
		6003451314F1F0300022DB63 /* libboost_system-vc90-mt-1_43.lib in Frameworks */ = {isa = PBXBuildFile; fileRef = 6003260914F1F0200022DB63 /* libboost_system-vc90-mt-1_43.lib */; };
		6003451414F1F0300022DB63 /* libboost_system-vc90-mt-gd-1_43.lib in Frameworks */ = {isa = PBXBuildFile; fileRef = 6003260A14F1F0200022DB63 /* libboost_system-vc90-mt-gd-1_43.lib */; };
		6003451514F1F0300022DB63 /* libboost_system-vc90-mt-gd.lib in Frameworks */ = {isa = PBXBuildFile; fileRef = 6003260B14F1F0200022DB63 /* libboost_system-vc90-mt-gd.lib */; };
		6003451614F1F0300022DB63 /* libboost_system-vc90-mt.lib in Frameworks */ = {isa = PBXBuildFile; fileRef = 6003260C14F1F0200022DB63 /* libboost_system-vc90-mt.lib */; };
		6003451714F1F0300022DB63 /* libboost_thread-mgw44-mt-1_43.a in Frameworks */ = {isa = PBXBuildFile; fileRef = 6003260D14F1F0200022DB63 /* libboost_thread-mgw44-mt-1_43.a */; };
		6003451814F1F0300022DB63 /* libboost_thread-mgw44-mt-d-1_43.a in Frameworks */ = {isa = PBXBuildFile; fileRef = 6003260E14F1F0200022DB63 /* libboost_thread-mgw44-mt-d-1_43.a */; };
		6003451914F1F0300022DB63 /* libboost_thread-vc90-mt-1_43.lib in Frameworks */ = {isa = PBXBuildFile; fileRef = 6003260F14F1F0200022DB63 /* libboost_thread-vc90-mt-1_43.lib */; };
		6003451A14F1F0300022DB63 /* libboost_thread-vc90-mt-gd-1_43.lib in Frameworks */ = {isa = PBXBuildFile; fileRef = 6003261014F1F0200022DB63 /* libboost_thread-vc90-mt-gd-1_43.lib */; };
		6003451B14F1F0300022DB63 /* libboost_thread-vc90-mt-gd.lib in Frameworks */ = {isa = PBXBuildFile; fileRef = 6003261114F1F0200022DB63 /* libboost_thread-vc90-mt-gd.lib */; };
		6003451C14F1F0300022DB63 /* libboost_thread-vc90-mt.lib in Frameworks */ = {isa = PBXBuildFile; fileRef = 6003261214F1F0200022DB63 /* libboost_thread-vc90-mt.lib */; };
		6003453D14F1F1140022DB63 /* libcminpack_s-gd.a in Frameworks */ = {isa = PBXBuildFile; fileRef = 6003453814F1F1140022DB63 /* libcminpack_s-gd.a */; };
		6003453E14F1F1140022DB63 /* libcminpack_s.a in Frameworks */ = {isa = PBXBuildFile; fileRef = 6003453914F1F1140022DB63 /* libcminpack_s.a */; };
		6003453F14F1F1140022DB63 /* libflann_cpp_s-gd.a in Frameworks */ = {isa = PBXBuildFile; fileRef = 6003453A14F1F1140022DB63 /* libflann_cpp_s-gd.a */; };
		6003454014F1F1140022DB63 /* libflann_cpp_s.a in Frameworks */ = {isa = PBXBuildFile; fileRef = 6003453B14F1F1140022DB63 /* libflann_cpp_s.a */; };
		6003454114F1F1140022DB63 /* libqhull.a in Frameworks */ = {isa = PBXBuildFile; fileRef = 6003453C14F1F1140022DB63 /* libqhull.a */; };
		BBAB23CB13894F3D00AA2426 /* GLUT.framework in CopyFiles */ = {isa = PBXBuildFile; fileRef = BBAB23BE13894E4700AA2426 /* GLUT.framework */; };
		E4328149138ABC9F0047C5CB /* openFrameworksDebug.a in Frameworks */ = {isa = PBXBuildFile; fileRef = E4328148138ABC890047C5CB /* openFrameworksDebug.a */; };
		E45BE97B0E8CC7DD009D7055 /* AGL.framework in Frameworks */ = {isa = PBXBuildFile; fileRef = E45BE9710E8CC7DD009D7055 /* AGL.framework */; };
		E45BE97C0E8CC7DD009D7055 /* ApplicationServices.framework in Frameworks */ = {isa = PBXBuildFile; fileRef = E45BE9720E8CC7DD009D7055 /* ApplicationServices.framework */; };
		E45BE97D0E8CC7DD009D7055 /* AudioToolbox.framework in Frameworks */ = {isa = PBXBuildFile; fileRef = E45BE9730E8CC7DD009D7055 /* AudioToolbox.framework */; };
		E45BE97E0E8CC7DD009D7055 /* Carbon.framework in Frameworks */ = {isa = PBXBuildFile; fileRef = E45BE9740E8CC7DD009D7055 /* Carbon.framework */; };
		E45BE97F0E8CC7DD009D7055 /* CoreAudio.framework in Frameworks */ = {isa = PBXBuildFile; fileRef = E45BE9750E8CC7DD009D7055 /* CoreAudio.framework */; };
		E45BE9800E8CC7DD009D7055 /* CoreFoundation.framework in Frameworks */ = {isa = PBXBuildFile; fileRef = E45BE9760E8CC7DD009D7055 /* CoreFoundation.framework */; };
		E45BE9810E8CC7DD009D7055 /* CoreServices.framework in Frameworks */ = {isa = PBXBuildFile; fileRef = E45BE9770E8CC7DD009D7055 /* CoreServices.framework */; };
		E45BE9830E8CC7DD009D7055 /* OpenGL.framework in Frameworks */ = {isa = PBXBuildFile; fileRef = E45BE9790E8CC7DD009D7055 /* OpenGL.framework */; };
		E45BE9840E8CC7DD009D7055 /* QuickTime.framework in Frameworks */ = {isa = PBXBuildFile; fileRef = E45BE97A0E8CC7DD009D7055 /* QuickTime.framework */; };
		E4B69E200A3A1BDC003C02F2 /* main.cpp in Sources */ = {isa = PBXBuildFile; fileRef = E4B69E1D0A3A1BDC003C02F2 /* main.cpp */; };
		E4B69E210A3A1BDC003C02F2 /* testApp.cpp in Sources */ = {isa = PBXBuildFile; fileRef = E4B69E1E0A3A1BDC003C02F2 /* testApp.cpp */; };
		E4C2424710CC5A17004149E2 /* AppKit.framework in Frameworks */ = {isa = PBXBuildFile; fileRef = E4C2424410CC5A17004149E2 /* AppKit.framework */; };
		E4C2424810CC5A17004149E2 /* Cocoa.framework in Frameworks */ = {isa = PBXBuildFile; fileRef = E4C2424510CC5A17004149E2 /* Cocoa.framework */; };
		E4C2424910CC5A17004149E2 /* IOKit.framework in Frameworks */ = {isa = PBXBuildFile; fileRef = E4C2424610CC5A17004149E2 /* IOKit.framework */; };
		E4EB6799138ADC1D00A09F29 /* GLUT.framework in Frameworks */ = {isa = PBXBuildFile; fileRef = BBAB23BE13894E4700AA2426 /* GLUT.framework */; };
/* End PBXBuildFile section */

/* Begin PBXContainerItemProxy section */
		E4328147138ABC890047C5CB /* PBXContainerItemProxy */ = {
			isa = PBXContainerItemProxy;
			containerPortal = E4328143138ABC890047C5CB /* openFrameworksLib.xcodeproj */;
			proxyType = 2;
			remoteGlobalIDString = E4B27C1510CBEB8E00536013;
			remoteInfo = openFrameworks;
		};
		E4EEB9AB138B136A00A80321 /* PBXContainerItemProxy */ = {
			isa = PBXContainerItemProxy;
			containerPortal = E4328143138ABC890047C5CB /* openFrameworksLib.xcodeproj */;
			proxyType = 1;
			remoteGlobalIDString = E4B27C1410CBEB8E00536013;
			remoteInfo = openFrameworks;
		};
/* End PBXContainerItemProxy section */

/* Begin PBXCopyFilesBuildPhase section */
		E4C2427710CC5ABF004149E2 /* CopyFiles */ = {
			isa = PBXCopyFilesBuildPhase;
			buildActionMask = 2147483647;
			dstPath = "";
			dstSubfolderSpec = 10;
			files = (
				BBAB23CB13894F3D00AA2426 /* GLUT.framework in CopyFiles */,
			);
			runOnlyForDeploymentPostprocessing = 0;
		};
/* End PBXCopyFilesBuildPhase section */

/* Begin PBXFileReference section */
		6003250614F1EB410022DB63 /* common.cpp */ = {isa = PBXFileReference; fileEncoding = 4; lastKnownFileType = sourcecode.cpp.cpp; path = common.cpp; sourceTree = "<group>"; };
		6003250714F1EB410022DB63 /* distances.cpp */ = {isa = PBXFileReference; fileEncoding = 4; lastKnownFileType = sourcecode.cpp.cpp; path = distances.cpp; sourceTree = "<group>"; };
		6003250814F1EB410022DB63 /* intersections.cpp */ = {isa = PBXFileReference; fileEncoding = 4; lastKnownFileType = sourcecode.cpp.cpp; path = intersections.cpp; sourceTree = "<group>"; };
		6003250914F1EB410022DB63 /* io.cpp */ = {isa = PBXFileReference; fileEncoding = 4; lastKnownFileType = sourcecode.cpp.cpp; path = io.cpp; sourceTree = "<group>"; };
		6003250A14F1EB410022DB63 /* parse.cpp */ = {isa = PBXFileReference; fileEncoding = 4; lastKnownFileType = sourcecode.cpp.cpp; path = parse.cpp; sourceTree = "<group>"; };
		6003250B14F1EB410022DB63 /* pcl_base.cpp */ = {isa = PBXFileReference; fileEncoding = 4; lastKnownFileType = sourcecode.cpp.cpp; path = pcl_base.cpp; sourceTree = "<group>"; };
		6003250C14F1EB410022DB63 /* poses_from_matches.cpp */ = {isa = PBXFileReference; fileEncoding = 4; lastKnownFileType = sourcecode.cpp.cpp; path = poses_from_matches.cpp; sourceTree = "<group>"; };
		6003250D14F1EB410022DB63 /* print.cpp */ = {isa = PBXFileReference; fileEncoding = 4; lastKnownFileType = sourcecode.cpp.cpp; path = print.cpp; sourceTree = "<group>"; };
		6003250E14F1EB410022DB63 /* time_trigger.cpp */ = {isa = PBXFileReference; fileEncoding = 4; lastKnownFileType = sourcecode.cpp.cpp; path = time_trigger.cpp; sourceTree = "<group>"; };
		6003251014F1EB410022DB63 /* boundary.cpp */ = {isa = PBXFileReference; fileEncoding = 4; lastKnownFileType = sourcecode.cpp.cpp; path = boundary.cpp; sourceTree = "<group>"; };
		6003251114F1EB410022DB63 /* cvfh.cpp */ = {isa = PBXFileReference; fileEncoding = 4; lastKnownFileType = sourcecode.cpp.cpp; path = cvfh.cpp; sourceTree = "<group>"; };
		6003251214F1EB410022DB63 /* feature.cpp */ = {isa = PBXFileReference; fileEncoding = 4; lastKnownFileType = sourcecode.cpp.cpp; path = feature.cpp; sourceTree = "<group>"; };
		6003251314F1EB410022DB63 /* fpfh.cpp */ = {isa = PBXFileReference; fileEncoding = 4; lastKnownFileType = sourcecode.cpp.cpp; path = fpfh.cpp; sourceTree = "<group>"; };
		6003251414F1EB410022DB63 /* fpfh_omp.cpp */ = {isa = PBXFileReference; fileEncoding = 4; lastKnownFileType = sourcecode.cpp.cpp; path = fpfh_omp.cpp; sourceTree = "<group>"; };
		6003251514F1EB410022DB63 /* integral_image_normal.cpp */ = {isa = PBXFileReference; fileEncoding = 4; lastKnownFileType = sourcecode.cpp.cpp; path = integral_image_normal.cpp; sourceTree = "<group>"; };
		6003251614F1EB410022DB63 /* intensity_gradient.cpp */ = {isa = PBXFileReference; fileEncoding = 4; lastKnownFileType = sourcecode.cpp.cpp; path = intensity_gradient.cpp; sourceTree = "<group>"; };
		6003251714F1EB410022DB63 /* intensity_spin.cpp */ = {isa = PBXFileReference; fileEncoding = 4; lastKnownFileType = sourcecode.cpp.cpp; path = intensity_spin.cpp; sourceTree = "<group>"; };
		6003251814F1EB410022DB63 /* moment_invariants.cpp */ = {isa = PBXFileReference; fileEncoding = 4; lastKnownFileType = sourcecode.cpp.cpp; path = moment_invariants.cpp; sourceTree = "<group>"; };
		6003251914F1EB410022DB63 /* multiscale_feature_persistence.cpp */ = {isa = PBXFileReference; fileEncoding = 4; lastKnownFileType = sourcecode.cpp.cpp; path = multiscale_feature_persistence.cpp; sourceTree = "<group>"; };
		6003251A14F1EB410022DB63 /* narf.cpp */ = {isa = PBXFileReference; fileEncoding = 4; lastKnownFileType = sourcecode.cpp.cpp; path = narf.cpp; sourceTree = "<group>"; };
		6003251B14F1EB410022DB63 /* narf_descriptor.cpp */ = {isa = PBXFileReference; fileEncoding = 4; lastKnownFileType = sourcecode.cpp.cpp; path = narf_descriptor.cpp; sourceTree = "<group>"; };
		6003251C14F1EB410022DB63 /* normal_3d.cpp */ = {isa = PBXFileReference; fileEncoding = 4; lastKnownFileType = sourcecode.cpp.cpp; path = normal_3d.cpp; sourceTree = "<group>"; };
		6003251D14F1EB410022DB63 /* normal_3d_omp.cpp */ = {isa = PBXFileReference; fileEncoding = 4; lastKnownFileType = sourcecode.cpp.cpp; path = normal_3d_omp.cpp; sourceTree = "<group>"; };
		6003251E14F1EB410022DB63 /* pfh.cpp */ = {isa = PBXFileReference; fileEncoding = 4; lastKnownFileType = sourcecode.cpp.cpp; path = pfh.cpp; sourceTree = "<group>"; };
		6003251F14F1EB410022DB63 /* ppf.cpp */ = {isa = PBXFileReference; fileEncoding = 4; lastKnownFileType = sourcecode.cpp.cpp; path = ppf.cpp; sourceTree = "<group>"; };
		6003252014F1EB410022DB63 /* range_image_border_extractor.cpp */ = {isa = PBXFileReference; fileEncoding = 4; lastKnownFileType = sourcecode.cpp.cpp; path = range_image_border_extractor.cpp; sourceTree = "<group>"; };
		6003252114F1EB410022DB63 /* rift.cpp */ = {isa = PBXFileReference; fileEncoding = 4; lastKnownFileType = sourcecode.cpp.cpp; path = rift.cpp; sourceTree = "<group>"; };
		6003252214F1EB410022DB63 /* rsd.cpp */ = {isa = PBXFileReference; fileEncoding = 4; lastKnownFileType = sourcecode.cpp.cpp; path = rsd.cpp; sourceTree = "<group>"; };
		6003252314F1EB410022DB63 /* shot.cpp */ = {isa = PBXFileReference; fileEncoding = 4; lastKnownFileType = sourcecode.cpp.cpp; path = shot.cpp; sourceTree = "<group>"; };
		6003252414F1EB410022DB63 /* shot_omp.cpp */ = {isa = PBXFileReference; fileEncoding = 4; lastKnownFileType = sourcecode.cpp.cpp; path = shot_omp.cpp; sourceTree = "<group>"; };
		6003252514F1EB410022DB63 /* statistical_multiscale_interest_region_extraction.cpp */ = {isa = PBXFileReference; fileEncoding = 4; lastKnownFileType = sourcecode.cpp.cpp; path = statistical_multiscale_interest_region_extraction.cpp; sourceTree = "<group>"; };
		6003252614F1EB410022DB63 /* vfh.cpp */ = {isa = PBXFileReference; fileEncoding = 4; lastKnownFileType = sourcecode.cpp.cpp; path = vfh.cpp; sourceTree = "<group>"; };
		6003252814F1EB410022DB63 /* conditional_removal.cpp */ = {isa = PBXFileReference; fileEncoding = 4; lastKnownFileType = sourcecode.cpp.cpp; path = conditional_removal.cpp; sourceTree = "<group>"; };
		6003252914F1EB410022DB63 /* extract_indices.cpp */ = {isa = PBXFileReference; fileEncoding = 4; lastKnownFileType = sourcecode.cpp.cpp; path = extract_indices.cpp; sourceTree = "<group>"; };
		6003252A14F1EB410022DB63 /* filter.cpp */ = {isa = PBXFileReference; fileEncoding = 4; lastKnownFileType = sourcecode.cpp.cpp; path = filter.cpp; sourceTree = "<group>"; };
		6003252B14F1EB410022DB63 /* passthrough.cpp */ = {isa = PBXFileReference; fileEncoding = 4; lastKnownFileType = sourcecode.cpp.cpp; path = passthrough.cpp; sourceTree = "<group>"; };
		6003252C14F1EB410022DB63 /* project_inliers.cpp */ = {isa = PBXFileReference; fileEncoding = 4; lastKnownFileType = sourcecode.cpp.cpp; path = project_inliers.cpp; sourceTree = "<group>"; };
		6003252D14F1EB410022DB63 /* radius_outlier_removal.cpp */ = {isa = PBXFileReference; fileEncoding = 4; lastKnownFileType = sourcecode.cpp.cpp; path = radius_outlier_removal.cpp; sourceTree = "<group>"; };
		6003252E14F1EB410022DB63 /* statistical_outlier_removal.cpp */ = {isa = PBXFileReference; fileEncoding = 4; lastKnownFileType = sourcecode.cpp.cpp; path = statistical_outlier_removal.cpp; sourceTree = "<group>"; };
		6003252F14F1EB410022DB63 /* voxel_grid.cpp */ = {isa = PBXFileReference; fileEncoding = 4; lastKnownFileType = sourcecode.cpp.cpp; path = voxel_grid.cpp; sourceTree = "<group>"; };
		6003253114F1EB410022DB63 /* compression.cpp */ = {isa = PBXFileReference; fileEncoding = 4; lastKnownFileType = sourcecode.cpp.cpp; path = compression.cpp; sourceTree = "<group>"; };
		6003253214F1EB410022DB63 /* oni_grabber.cpp */ = {isa = PBXFileReference; fileEncoding = 4; lastKnownFileType = sourcecode.cpp.cpp; path = oni_grabber.cpp; sourceTree = "<group>"; };
		6003253414F1EB410022DB63 /* openni_depth_image.cpp */ = {isa = PBXFileReference; fileEncoding = 4; lastKnownFileType = sourcecode.cpp.cpp; path = openni_depth_image.cpp; sourceTree = "<group>"; };
		6003253514F1EB410022DB63 /* openni_device.cpp */ = {isa = PBXFileReference; fileEncoding = 4; lastKnownFileType = sourcecode.cpp.cpp; path = openni_device.cpp; sourceTree = "<group>"; };
		6003253614F1EB410022DB63 /* openni_device_kinect.cpp */ = {isa = PBXFileReference; fileEncoding = 4; lastKnownFileType = sourcecode.cpp.cpp; path = openni_device_kinect.cpp; sourceTree = "<group>"; };
		6003253714F1EB410022DB63 /* openni_device_oni.cpp */ = {isa = PBXFileReference; fileEncoding = 4; lastKnownFileType = sourcecode.cpp.cpp; path = openni_device_oni.cpp; sourceTree = "<group>"; };
		6003253814F1EB410022DB63 /* openni_device_primesense.cpp */ = {isa = PBXFileReference; fileEncoding = 4; lastKnownFileType = sourcecode.cpp.cpp; path = openni_device_primesense.cpp; sourceTree = "<group>"; };
		6003253914F1EB410022DB63 /* openni_device_xtion.cpp */ = {isa = PBXFileReference; fileEncoding = 4; lastKnownFileType = sourcecode.cpp.cpp; path = openni_device_xtion.cpp; sourceTree = "<group>"; };
		6003253A14F1EB410022DB63 /* openni_driver.cpp */ = {isa = PBXFileReference; fileEncoding = 4; lastKnownFileType = sourcecode.cpp.cpp; path = openni_driver.cpp; sourceTree = "<group>"; };
		6003253B14F1EB410022DB63 /* openni_exception.cpp */ = {isa = PBXFileReference; fileEncoding = 4; lastKnownFileType = sourcecode.cpp.cpp; path = openni_exception.cpp; sourceTree = "<group>"; };
		6003253C14F1EB410022DB63 /* openni_image_bayer_grbg.cpp */ = {isa = PBXFileReference; fileEncoding = 4; lastKnownFileType = sourcecode.cpp.cpp; path = openni_image_bayer_grbg.cpp; sourceTree = "<group>"; };
		6003253D14F1EB410022DB63 /* openni_image_rgb24.cpp */ = {isa = PBXFileReference; fileEncoding = 4; lastKnownFileType = sourcecode.cpp.cpp; path = openni_image_rgb24.cpp; sourceTree = "<group>"; };
		6003253E14F1EB410022DB63 /* openni_image_yuv_422.cpp */ = {isa = PBXFileReference; fileEncoding = 4; lastKnownFileType = sourcecode.cpp.cpp; path = openni_image_yuv_422.cpp; sourceTree = "<group>"; };
		6003253F14F1EB410022DB63 /* openni_ir_image.cpp */ = {isa = PBXFileReference; fileEncoding = 4; lastKnownFileType = sourcecode.cpp.cpp; path = openni_ir_image.cpp; sourceTree = "<group>"; };
		6003254014F1EB410022DB63 /* openni_grabber.cpp */ = {isa = PBXFileReference; fileEncoding = 4; lastKnownFileType = sourcecode.cpp.cpp; path = openni_grabber.cpp; sourceTree = "<group>"; };
		6003254114F1EB410022DB63 /* pcd_grabber.cpp */ = {isa = PBXFileReference; fileEncoding = 4; lastKnownFileType = sourcecode.cpp.cpp; path = pcd_grabber.cpp; sourceTree = "<group>"; };
		6003254214F1EB410022DB63 /* pcd_io.cpp */ = {isa = PBXFileReference; fileEncoding = 4; lastKnownFileType = sourcecode.cpp.cpp; path = pcd_io.cpp; sourceTree = "<group>"; };
		6003254314F1EB410022DB63 /* ply_io.cpp */ = {isa = PBXFileReference; fileEncoding = 4; lastKnownFileType = sourcecode.cpp.cpp; path = ply_io.cpp; sourceTree = "<group>"; };
		6003254414F1EB410022DB63 /* vtk_io.cpp */ = {isa = PBXFileReference; fileEncoding = 4; lastKnownFileType = sourcecode.cpp.cpp; path = vtk_io.cpp; sourceTree = "<group>"; };
		6003254614F1EB410022DB63 /* kdtree.cpp */ = {isa = PBXFileReference; fileEncoding = 4; lastKnownFileType = sourcecode.cpp.cpp; path = kdtree.cpp; sourceTree = "<group>"; };
		6003254714F1EB410022DB63 /* kdtree_flann.cpp */ = {isa = PBXFileReference; fileEncoding = 4; lastKnownFileType = sourcecode.cpp.cpp; path = kdtree_flann.cpp; sourceTree = "<group>"; };
		6003254814F1EB410022DB63 /* organized_data.cpp */ = {isa = PBXFileReference; fileEncoding = 4; lastKnownFileType = sourcecode.cpp.cpp; path = organized_data.cpp; sourceTree = "<group>"; };
		6003254914F1EB410022DB63 /* organized_neighbor_search.cpp */ = {isa = PBXFileReference; fileEncoding = 4; lastKnownFileType = sourcecode.cpp.cpp; path = organized_neighbor_search.cpp; sourceTree = "<group>"; };
		6003254A14F1EB410022DB63 /* tree_types.cpp */ = {isa = PBXFileReference; fileEncoding = 4; lastKnownFileType = sourcecode.cpp.cpp; path = tree_types.cpp; sourceTree = "<group>"; };
		6003254C14F1EB410022DB63 /* narf_keypoint.cpp */ = {isa = PBXFileReference; fileEncoding = 4; lastKnownFileType = sourcecode.cpp.cpp; path = narf_keypoint.cpp; sourceTree = "<group>"; };
		6003254D14F1EB410022DB63 /* uniform_sampling.cpp */ = {isa = PBXFileReference; fileEncoding = 4; lastKnownFileType = sourcecode.cpp.cpp; path = uniform_sampling.cpp; sourceTree = "<group>"; };
		6003254F14F1EB410022DB63 /* octree_impl.cpp */ = {isa = PBXFileReference; fileEncoding = 4; lastKnownFileType = sourcecode.cpp.cpp; path = octree_impl.cpp; sourceTree = "<group>"; };
		6003255114F1EB410022DB63 /* range_image.cpp */ = {isa = PBXFileReference; fileEncoding = 4; lastKnownFileType = sourcecode.cpp.cpp; path = range_image.cpp; sourceTree = "<group>"; };
		6003255214F1EB410022DB63 /* range_image_planar.cpp */ = {isa = PBXFileReference; fileEncoding = 4; lastKnownFileType = sourcecode.cpp.cpp; path = range_image_planar.cpp; sourceTree = "<group>"; };
		6003255414F1EB410022DB63 /* correspondence_estimation.cpp */ = {isa = PBXFileReference; fileEncoding = 4; lastKnownFileType = sourcecode.cpp.cpp; path = correspondence_estimation.cpp; sourceTree = "<group>"; };
		6003255514F1EB410022DB63 /* pyramid_feature_matching.cpp */ = {isa = PBXFileReference; fileEncoding = 4; lastKnownFileType = sourcecode.cpp.cpp; path = pyramid_feature_matching.cpp; sourceTree = "<group>"; };
		6003255614F1EB410022DB63 /* registration.cpp */ = {isa = PBXFileReference; fileEncoding = 4; lastKnownFileType = sourcecode.cpp.cpp; path = registration.cpp; sourceTree = "<group>"; };
		6003255814F1EB410022DB63 /* lmeds.cpp */ = {isa = PBXFileReference; fileEncoding = 4; lastKnownFileType = sourcecode.cpp.cpp; path = lmeds.cpp; sourceTree = "<group>"; };
		6003255914F1EB410022DB63 /* mlesac.cpp */ = {isa = PBXFileReference; fileEncoding = 4; lastKnownFileType = sourcecode.cpp.cpp; path = mlesac.cpp; sourceTree = "<group>"; };
		6003255A14F1EB410022DB63 /* msac.cpp */ = {isa = PBXFileReference; fileEncoding = 4; lastKnownFileType = sourcecode.cpp.cpp; path = msac.cpp; sourceTree = "<group>"; };
		6003255B14F1EB410022DB63 /* prosac.cpp */ = {isa = PBXFileReference; fileEncoding = 4; lastKnownFileType = sourcecode.cpp.cpp; path = prosac.cpp; sourceTree = "<group>"; };
		6003255C14F1EB410022DB63 /* ransac.cpp */ = {isa = PBXFileReference; fileEncoding = 4; lastKnownFileType = sourcecode.cpp.cpp; path = ransac.cpp; sourceTree = "<group>"; };
		6003255D14F1EB410022DB63 /* rmsac.cpp */ = {isa = PBXFileReference; fileEncoding = 4; lastKnownFileType = sourcecode.cpp.cpp; path = rmsac.cpp; sourceTree = "<group>"; };
		6003255E14F1EB410022DB63 /* rransac.cpp */ = {isa = PBXFileReference; fileEncoding = 4; lastKnownFileType = sourcecode.cpp.cpp; path = rransac.cpp; sourceTree = "<group>"; };
		6003255F14F1EB410022DB63 /* sac_model_circle.cpp */ = {isa = PBXFileReference; fileEncoding = 4; lastKnownFileType = sourcecode.cpp.cpp; path = sac_model_circle.cpp; sourceTree = "<group>"; };
		6003256014F1EB410022DB63 /* sac_model_cylinder.cpp */ = {isa = PBXFileReference; fileEncoding = 4; lastKnownFileType = sourcecode.cpp.cpp; path = sac_model_cylinder.cpp; sourceTree = "<group>"; };
		6003256114F1EB410022DB63 /* sac_model_line.cpp */ = {isa = PBXFileReference; fileEncoding = 4; lastKnownFileType = sourcecode.cpp.cpp; path = sac_model_line.cpp; sourceTree = "<group>"; };
		6003256214F1EB410022DB63 /* sac_model_normal_parallel_plane.cpp */ = {isa = PBXFileReference; fileEncoding = 4; lastKnownFileType = sourcecode.cpp.cpp; path = sac_model_normal_parallel_plane.cpp; sourceTree = "<group>"; };
		6003256314F1EB410022DB63 /* sac_model_normal_plane.cpp */ = {isa = PBXFileReference; fileEncoding = 4; lastKnownFileType = sourcecode.cpp.cpp; path = sac_model_normal_plane.cpp; sourceTree = "<group>"; };
		6003256414F1EB410022DB63 /* sac_model_parallel_line.cpp */ = {isa = PBXFileReference; fileEncoding = 4; lastKnownFileType = sourcecode.cpp.cpp; path = sac_model_parallel_line.cpp; sourceTree = "<group>"; };
		6003256514F1EB410022DB63 /* sac_model_parallel_plane.cpp */ = {isa = PBXFileReference; fileEncoding = 4; lastKnownFileType = sourcecode.cpp.cpp; path = sac_model_parallel_plane.cpp; sourceTree = "<group>"; };
		6003256614F1EB410022DB63 /* sac_model_perpendicular_plane.cpp */ = {isa = PBXFileReference; fileEncoding = 4; lastKnownFileType = sourcecode.cpp.cpp; path = sac_model_perpendicular_plane.cpp; sourceTree = "<group>"; };
		6003256714F1EB410022DB63 /* sac_model_plane.cpp */ = {isa = PBXFileReference; fileEncoding = 4; lastKnownFileType = sourcecode.cpp.cpp; path = sac_model_plane.cpp; sourceTree = "<group>"; };
		6003256814F1EB410022DB63 /* sac_model_registration.cpp */ = {isa = PBXFileReference; fileEncoding = 4; lastKnownFileType = sourcecode.cpp.cpp; path = sac_model_registration.cpp; sourceTree = "<group>"; };
		6003256914F1EB410022DB63 /* sac_model_sphere.cpp */ = {isa = PBXFileReference; fileEncoding = 4; lastKnownFileType = sourcecode.cpp.cpp; path = sac_model_sphere.cpp; sourceTree = "<group>"; };
		6003256A14F1EB410022DB63 /* sac_model_stick.cpp */ = {isa = PBXFileReference; fileEncoding = 4; lastKnownFileType = sourcecode.cpp.cpp; path = sac_model_stick.cpp; sourceTree = "<group>"; };
		6003256C14F1EB410022DB63 /* extract_clusters.cpp */ = {isa = PBXFileReference; fileEncoding = 4; lastKnownFileType = sourcecode.cpp.cpp; path = extract_clusters.cpp; sourceTree = "<group>"; };
		6003256D14F1EB410022DB63 /* extract_polygonal_prism_data.cpp */ = {isa = PBXFileReference; fileEncoding = 4; lastKnownFileType = sourcecode.cpp.cpp; path = extract_polygonal_prism_data.cpp; sourceTree = "<group>"; };
		6003256E14F1EB410022DB63 /* sac_segmentation.cpp */ = {isa = PBXFileReference; fileEncoding = 4; lastKnownFileType = sourcecode.cpp.cpp; path = sac_segmentation.cpp; sourceTree = "<group>"; };
		6003256F14F1EB410022DB63 /* segment_differences.cpp */ = {isa = PBXFileReference; fileEncoding = 4; lastKnownFileType = sourcecode.cpp.cpp; path = segment_differences.cpp; sourceTree = "<group>"; };
		6003257114F1EB410022DB63 /* concave_hull.cpp */ = {isa = PBXFileReference; fileEncoding = 4; lastKnownFileType = sourcecode.cpp.cpp; path = concave_hull.cpp; sourceTree = "<group>"; };
		6003257214F1EB410022DB63 /* convex_hull.cpp */ = {isa = PBXFileReference; fileEncoding = 4; lastKnownFileType = sourcecode.cpp.cpp; path = convex_hull.cpp; sourceTree = "<group>"; };
		6003257314F1EB410022DB63 /* gp3.cpp */ = {isa = PBXFileReference; fileEncoding = 4; lastKnownFileType = sourcecode.cpp.cpp; path = gp3.cpp; sourceTree = "<group>"; };
		6003257414F1EB410022DB63 /* grid_projection.cpp */ = {isa = PBXFileReference; fileEncoding = 4; lastKnownFileType = sourcecode.cpp.cpp; path = grid_projection.cpp; sourceTree = "<group>"; };
		6003257514F1EB410022DB63 /* marching_cubes.cpp */ = {isa = PBXFileReference; fileEncoding = 4; lastKnownFileType = sourcecode.cpp.cpp; path = marching_cubes.cpp; sourceTree = "<group>"; };
		6003257614F1EB410022DB63 /* marching_cubes_greedy.cpp */ = {isa = PBXFileReference; fileEncoding = 4; lastKnownFileType = sourcecode.cpp.cpp; path = marching_cubes_greedy.cpp; sourceTree = "<group>"; };
		6003257714F1EB410022DB63 /* mls.cpp */ = {isa = PBXFileReference; fileEncoding = 4; lastKnownFileType = sourcecode.cpp.cpp; path = mls.cpp; sourceTree = "<group>"; };
		6003257814F1EB410022DB63 /* organized_fast_mesh.cpp */ = {isa = PBXFileReference; fileEncoding = 4; lastKnownFileType = sourcecode.cpp.cpp; path = organized_fast_mesh.cpp; sourceTree = "<group>"; };
		6003257914F1EB410022DB63 /* simplification_remove_unused_vertices.cpp */ = {isa = PBXFileReference; fileEncoding = 4; lastKnownFileType = sourcecode.cpp.cpp; path = simplification_remove_unused_vertices.cpp; sourceTree = "<group>"; };
		6003257A14F1EB410022DB63 /* surfel_smoothing.cpp */ = {isa = PBXFileReference; fileEncoding = 4; lastKnownFileType = sourcecode.cpp.cpp; path = surfel_smoothing.cpp; sourceTree = "<group>"; };
		6003257D14F1EB410022DB63 /* ofxPCL.cpp */ = {isa = PBXFileReference; fileEncoding = 4; lastKnownFileType = sourcecode.cpp.cpp; path = ofxPCL.cpp; sourceTree = "<group>"; };
		6003257E14F1EB410022DB63 /* ofxPCL.h */ = {isa = PBXFileReference; fileEncoding = 4; lastKnownFileType = sourcecode.c.h; path = ofxPCL.h; sourceTree = "<group>"; };
		6003257F14F1EB410022DB63 /* Tree.h */ = {isa = PBXFileReference; fileEncoding = 4; lastKnownFileType = sourcecode.c.h; path = Tree.h; sourceTree = "<group>"; };
		6003258014F1EB410022DB63 /* Types.h */ = {isa = PBXFileReference; fileEncoding = 4; lastKnownFileType = sourcecode.c.h; path = Types.h; sourceTree = "<group>"; };
		6003258114F1EB410022DB63 /* Utility.h */ = {isa = PBXFileReference; fileEncoding = 4; lastKnownFileType = sourcecode.c.h; path = Utility.h; sourceTree = "<group>"; };
		600325F514F1F0200022DB63 /* libboost_filesystem-xgcc42-mt-1_43.a */ = {isa = PBXFileReference; lastKnownFileType = archive.ar; path = "libboost_filesystem-xgcc42-mt-1_43.a"; sourceTree = "<group>"; };
		600325F614F1F0200022DB63 /* libboost_regex-xgcc42-mt-1_43.a */ = {isa = PBXFileReference; lastKnownFileType = archive.ar; path = "libboost_regex-xgcc42-mt-1_43.a"; sourceTree = "<group>"; };
		600325F714F1F0200022DB63 /* libboost_system-xgcc42-mt-1_43.a */ = {isa = PBXFileReference; lastKnownFileType = archive.ar; path = "libboost_system-xgcc42-mt-1_43.a"; sourceTree = "<group>"; };
		600325F814F1F0200022DB63 /* libboost_thread-xgcc42-mt-1_43.a */ = {isa = PBXFileReference; lastKnownFileType = archive.ar; path = "libboost_thread-xgcc42-mt-1_43.a"; sourceTree = "<group>"; };
		600325FA14F1F0200022DB63 /* libboost_filesystem-mgw34-mt-1_43.a */ = {isa = PBXFileReference; lastKnownFileType = archive.ar; path = "libboost_filesystem-mgw34-mt-1_43.a"; sourceTree = "<group>"; };
		600325FB14F1F0200022DB63 /* libboost_filesystem-mgw34-mt-d-1_43.a */ = {isa = PBXFileReference; lastKnownFileType = archive.ar; path = "libboost_filesystem-mgw34-mt-d-1_43.a"; sourceTree = "<group>"; };
		600325FC14F1F0200022DB63 /* libboost_system-mgw34-mt-1_43.a */ = {isa = PBXFileReference; lastKnownFileType = archive.ar; path = "libboost_system-mgw34-mt-1_43.a"; sourceTree = "<group>"; };
		600325FD14F1F0200022DB63 /* libboost_system-mgw34-mt-d-1_43.a */ = {isa = PBXFileReference; lastKnownFileType = archive.ar; path = "libboost_system-mgw34-mt-d-1_43.a"; sourceTree = "<group>"; };
		600325FE14F1F0200022DB63 /* libboost_thread-mgw34-mt-1_43.a */ = {isa = PBXFileReference; lastKnownFileType = archive.ar; path = "libboost_thread-mgw34-mt-1_43.a"; sourceTree = "<group>"; };
		600325FF14F1F0200022DB63 /* libboost_thread-mgw34-mt-d-1_43.a */ = {isa = PBXFileReference; lastKnownFileType = archive.ar; path = "libboost_thread-mgw34-mt-d-1_43.a"; sourceTree = "<group>"; };
		6003260114F1F0200022DB63 /* libboost_filesystem-mgw44-mt-1_43.a */ = {isa = PBXFileReference; lastKnownFileType = archive.ar; path = "libboost_filesystem-mgw44-mt-1_43.a"; sourceTree = "<group>"; };
		6003260214F1F0200022DB63 /* libboost_filesystem-mgw44-mt-d-1_43.a */ = {isa = PBXFileReference; lastKnownFileType = archive.ar; path = "libboost_filesystem-mgw44-mt-d-1_43.a"; sourceTree = "<group>"; };
		6003260314F1F0200022DB63 /* libboost_filesystem-vc90-mt-1_43.lib */ = {isa = PBXFileReference; lastKnownFileType = archive.ar; path = "libboost_filesystem-vc90-mt-1_43.lib"; sourceTree = "<group>"; };
		6003260414F1F0200022DB63 /* libboost_filesystem-vc90-mt-gd-1_43.lib */ = {isa = PBXFileReference; lastKnownFileType = archive.ar; path = "libboost_filesystem-vc90-mt-gd-1_43.lib"; sourceTree = "<group>"; };
		6003260514F1F0200022DB63 /* libboost_filesystem-vc90-mt-gd.lib */ = {isa = PBXFileReference; lastKnownFileType = archive.ar; path = "libboost_filesystem-vc90-mt-gd.lib"; sourceTree = "<group>"; };
		6003260614F1F0200022DB63 /* libboost_filesystem-vc90-mt.lib */ = {isa = PBXFileReference; lastKnownFileType = archive.ar; path = "libboost_filesystem-vc90-mt.lib"; sourceTree = "<group>"; };
		6003260714F1F0200022DB63 /* libboost_system-mgw44-mt-1_43.a */ = {isa = PBXFileReference; lastKnownFileType = archive.ar; path = "libboost_system-mgw44-mt-1_43.a"; sourceTree = "<group>"; };
		6003260814F1F0200022DB63 /* libboost_system-mgw44-mt-d-1_43.a */ = {isa = PBXFileReference; lastKnownFileType = archive.ar; path = "libboost_system-mgw44-mt-d-1_43.a"; sourceTree = "<group>"; };
		6003260914F1F0200022DB63 /* libboost_system-vc90-mt-1_43.lib */ = {isa = PBXFileReference; lastKnownFileType = archive.ar; path = "libboost_system-vc90-mt-1_43.lib"; sourceTree = "<group>"; };
		6003260A14F1F0200022DB63 /* libboost_system-vc90-mt-gd-1_43.lib */ = {isa = PBXFileReference; lastKnownFileType = archive.ar; path = "libboost_system-vc90-mt-gd-1_43.lib"; sourceTree = "<group>"; };
		6003260B14F1F0200022DB63 /* libboost_system-vc90-mt-gd.lib */ = {isa = PBXFileReference; lastKnownFileType = archive.ar; path = "libboost_system-vc90-mt-gd.lib"; sourceTree = "<group>"; };
		6003260C14F1F0200022DB63 /* libboost_system-vc90-mt.lib */ = {isa = PBXFileReference; lastKnownFileType = archive.ar; path = "libboost_system-vc90-mt.lib"; sourceTree = "<group>"; };
		6003260D14F1F0200022DB63 /* libboost_thread-mgw44-mt-1_43.a */ = {isa = PBXFileReference; lastKnownFileType = archive.ar; path = "libboost_thread-mgw44-mt-1_43.a"; sourceTree = "<group>"; };
		6003260E14F1F0200022DB63 /* libboost_thread-mgw44-mt-d-1_43.a */ = {isa = PBXFileReference; lastKnownFileType = archive.ar; path = "libboost_thread-mgw44-mt-d-1_43.a"; sourceTree = "<group>"; };
		6003260F14F1F0200022DB63 /* libboost_thread-vc90-mt-1_43.lib */ = {isa = PBXFileReference; lastKnownFileType = archive.ar; path = "libboost_thread-vc90-mt-1_43.lib"; sourceTree = "<group>"; };
		6003261014F1F0200022DB63 /* libboost_thread-vc90-mt-gd-1_43.lib */ = {isa = PBXFileReference; lastKnownFileType = archive.ar; path = "libboost_thread-vc90-mt-gd-1_43.lib"; sourceTree = "<group>"; };
		6003261114F1F0200022DB63 /* libboost_thread-vc90-mt-gd.lib */ = {isa = PBXFileReference; lastKnownFileType = archive.ar; path = "libboost_thread-vc90-mt-gd.lib"; sourceTree = "<group>"; };
		6003261214F1F0200022DB63 /* libboost_thread-vc90-mt.lib */ = {isa = PBXFileReference; lastKnownFileType = archive.ar; path = "libboost_thread-vc90-mt.lib"; sourceTree = "<group>"; };
		6003453814F1F1140022DB63 /* libcminpack_s-gd.a */ = {isa = PBXFileReference; lastKnownFileType = archive.ar; path = "libcminpack_s-gd.a"; sourceTree = "<group>"; };
		6003453914F1F1140022DB63 /* libcminpack_s.a */ = {isa = PBXFileReference; lastKnownFileType = archive.ar; path = libcminpack_s.a; sourceTree = "<group>"; };
		6003453A14F1F1140022DB63 /* libflann_cpp_s-gd.a */ = {isa = PBXFileReference; lastKnownFileType = archive.ar; path = "libflann_cpp_s-gd.a"; sourceTree = "<group>"; };
		6003453B14F1F1140022DB63 /* libflann_cpp_s.a */ = {isa = PBXFileReference; lastKnownFileType = archive.ar; path = libflann_cpp_s.a; sourceTree = "<group>"; };
		6003453C14F1F1140022DB63 /* libqhull.a */ = {isa = PBXFileReference; lastKnownFileType = archive.ar; path = libqhull.a; sourceTree = "<group>"; };
		BBAB23BE13894E4700AA2426 /* GLUT.framework */ = {isa = PBXFileReference; lastKnownFileType = wrapper.framework; name = GLUT.framework; path = ../../../libs/glut/lib/osx/GLUT.framework; sourceTree = "<group>"; };
		E4328143138ABC890047C5CB /* openFrameworksLib.xcodeproj */ = {isa = PBXFileReference; lastKnownFileType = "wrapper.pb-project"; name = openFrameworksLib.xcodeproj; path = ../../../libs/openFrameworksCompiled/project/osx/openFrameworksLib.xcodeproj; sourceTree = SOURCE_ROOT; };
		E45BE9710E8CC7DD009D7055 /* AGL.framework */ = {isa = PBXFileReference; lastKnownFileType = wrapper.framework; name = AGL.framework; path = /System/Library/Frameworks/AGL.framework; sourceTree = "<absolute>"; };
		E45BE9720E8CC7DD009D7055 /* ApplicationServices.framework */ = {isa = PBXFileReference; lastKnownFileType = wrapper.framework; name = ApplicationServices.framework; path = /System/Library/Frameworks/ApplicationServices.framework; sourceTree = "<absolute>"; };
		E45BE9730E8CC7DD009D7055 /* AudioToolbox.framework */ = {isa = PBXFileReference; lastKnownFileType = wrapper.framework; name = AudioToolbox.framework; path = /System/Library/Frameworks/AudioToolbox.framework; sourceTree = "<absolute>"; };
		E45BE9740E8CC7DD009D7055 /* Carbon.framework */ = {isa = PBXFileReference; lastKnownFileType = wrapper.framework; name = Carbon.framework; path = /System/Library/Frameworks/Carbon.framework; sourceTree = "<absolute>"; };
		E45BE9750E8CC7DD009D7055 /* CoreAudio.framework */ = {isa = PBXFileReference; lastKnownFileType = wrapper.framework; name = CoreAudio.framework; path = /System/Library/Frameworks/CoreAudio.framework; sourceTree = "<absolute>"; };
		E45BE9760E8CC7DD009D7055 /* CoreFoundation.framework */ = {isa = PBXFileReference; lastKnownFileType = wrapper.framework; name = CoreFoundation.framework; path = /System/Library/Frameworks/CoreFoundation.framework; sourceTree = "<absolute>"; };
		E45BE9770E8CC7DD009D7055 /* CoreServices.framework */ = {isa = PBXFileReference; lastKnownFileType = wrapper.framework; name = CoreServices.framework; path = /System/Library/Frameworks/CoreServices.framework; sourceTree = "<absolute>"; };
		E45BE9790E8CC7DD009D7055 /* OpenGL.framework */ = {isa = PBXFileReference; lastKnownFileType = wrapper.framework; name = OpenGL.framework; path = /System/Library/Frameworks/OpenGL.framework; sourceTree = "<absolute>"; };
		E45BE97A0E8CC7DD009D7055 /* QuickTime.framework */ = {isa = PBXFileReference; lastKnownFileType = wrapper.framework; name = QuickTime.framework; path = /System/Library/Frameworks/QuickTime.framework; sourceTree = "<absolute>"; };
		E4B69B5B0A3A1756003C02F2 /* emptyExampleDebug.app */ = {isa = PBXFileReference; explicitFileType = wrapper.application; includeInIndex = 0; path = emptyExampleDebug.app; sourceTree = BUILT_PRODUCTS_DIR; };
		E4B69E1D0A3A1BDC003C02F2 /* main.cpp */ = {isa = PBXFileReference; fileEncoding = 30; lastKnownFileType = sourcecode.cpp.cpp; name = main.cpp; path = src/main.cpp; sourceTree = SOURCE_ROOT; };
		E4B69E1E0A3A1BDC003C02F2 /* testApp.cpp */ = {isa = PBXFileReference; explicitFileType = sourcecode.cpp.cpp; fileEncoding = 30; name = testApp.cpp; path = src/testApp.cpp; sourceTree = SOURCE_ROOT; };
		E4B69E1F0A3A1BDC003C02F2 /* testApp.h */ = {isa = PBXFileReference; fileEncoding = 30; lastKnownFileType = sourcecode.c.h; name = testApp.h; path = src/testApp.h; sourceTree = SOURCE_ROOT; };
		E4B6FCAD0C3E899E008CF71C /* openFrameworks-Info.plist */ = {isa = PBXFileReference; fileEncoding = 30; lastKnownFileType = text.plist.xml; path = "openFrameworks-Info.plist"; sourceTree = "<group>"; };
		E4C2424410CC5A17004149E2 /* AppKit.framework */ = {isa = PBXFileReference; lastKnownFileType = wrapper.framework; name = AppKit.framework; path = /System/Library/Frameworks/AppKit.framework; sourceTree = "<absolute>"; };
		E4C2424510CC5A17004149E2 /* Cocoa.framework */ = {isa = PBXFileReference; lastKnownFileType = wrapper.framework; name = Cocoa.framework; path = /System/Library/Frameworks/Cocoa.framework; sourceTree = "<absolute>"; };
		E4C2424610CC5A17004149E2 /* IOKit.framework */ = {isa = PBXFileReference; lastKnownFileType = wrapper.framework; name = IOKit.framework; path = /System/Library/Frameworks/IOKit.framework; sourceTree = "<absolute>"; };
		E4EB691F138AFCF100A09F29 /* CoreOF.xcconfig */ = {isa = PBXFileReference; fileEncoding = 4; lastKnownFileType = text.xcconfig; name = CoreOF.xcconfig; path = ../../../libs/openFrameworksCompiled/project/osx/CoreOF.xcconfig; sourceTree = SOURCE_ROOT; };
		E4EB6923138AFD0F00A09F29 /* Project.xcconfig */ = {isa = PBXFileReference; fileEncoding = 4; lastKnownFileType = text.xcconfig; path = Project.xcconfig; sourceTree = "<group>"; };
/* End PBXFileReference section */

/* Begin PBXFrameworksBuildPhase section */
		E4B69B590A3A1756003C02F2 /* Frameworks */ = {
			isa = PBXFrameworksBuildPhase;
			buildActionMask = 2147483647;
			files = (
				E4EB6799138ADC1D00A09F29 /* GLUT.framework in Frameworks */,
				E4328149138ABC9F0047C5CB /* openFrameworksDebug.a in Frameworks */,
				E45BE97B0E8CC7DD009D7055 /* AGL.framework in Frameworks */,
				E45BE97C0E8CC7DD009D7055 /* ApplicationServices.framework in Frameworks */,
				E45BE97D0E8CC7DD009D7055 /* AudioToolbox.framework in Frameworks */,
				E45BE97E0E8CC7DD009D7055 /* Carbon.framework in Frameworks */,
				E45BE97F0E8CC7DD009D7055 /* CoreAudio.framework in Frameworks */,
				E45BE9800E8CC7DD009D7055 /* CoreFoundation.framework in Frameworks */,
				E45BE9810E8CC7DD009D7055 /* CoreServices.framework in Frameworks */,
				E45BE9830E8CC7DD009D7055 /* OpenGL.framework in Frameworks */,
				E45BE9840E8CC7DD009D7055 /* QuickTime.framework in Frameworks */,
				E4C2424710CC5A17004149E2 /* AppKit.framework in Frameworks */,
				E4C2424810CC5A17004149E2 /* Cocoa.framework in Frameworks */,
				E4C2424910CC5A17004149E2 /* IOKit.framework in Frameworks */,
				6003450114F1F0300022DB63 /* libboost_filesystem-xgcc42-mt-1_43.a in Frameworks */,
				6003450214F1F0300022DB63 /* libboost_regex-xgcc42-mt-1_43.a in Frameworks */,
				6003450314F1F0300022DB63 /* libboost_system-xgcc42-mt-1_43.a in Frameworks */,
				6003450414F1F0300022DB63 /* libboost_thread-xgcc42-mt-1_43.a in Frameworks */,
				6003450514F1F0300022DB63 /* libboost_filesystem-mgw34-mt-1_43.a in Frameworks */,
				6003450614F1F0300022DB63 /* libboost_filesystem-mgw34-mt-d-1_43.a in Frameworks */,
				6003450714F1F0300022DB63 /* libboost_system-mgw34-mt-1_43.a in Frameworks */,
				6003450814F1F0300022DB63 /* libboost_system-mgw34-mt-d-1_43.a in Frameworks */,
				6003450914F1F0300022DB63 /* libboost_thread-mgw34-mt-1_43.a in Frameworks */,
				6003450A14F1F0300022DB63 /* libboost_thread-mgw34-mt-d-1_43.a in Frameworks */,
				6003450B14F1F0300022DB63 /* libboost_filesystem-mgw44-mt-1_43.a in Frameworks */,
				6003450C14F1F0300022DB63 /* libboost_filesystem-mgw44-mt-d-1_43.a in Frameworks */,
				6003450D14F1F0300022DB63 /* libboost_filesystem-vc90-mt-1_43.lib in Frameworks */,
				6003450E14F1F0300022DB63 /* libboost_filesystem-vc90-mt-gd-1_43.lib in Frameworks */,
				6003450F14F1F0300022DB63 /* libboost_filesystem-vc90-mt-gd.lib in Frameworks */,
				6003451014F1F0300022DB63 /* libboost_filesystem-vc90-mt.lib in Frameworks */,
				6003451114F1F0300022DB63 /* libboost_system-mgw44-mt-1_43.a in Frameworks */,
				6003451214F1F0300022DB63 /* libboost_system-mgw44-mt-d-1_43.a in Frameworks */,
				6003451314F1F0300022DB63 /* libboost_system-vc90-mt-1_43.lib in Frameworks */,
				6003451414F1F0300022DB63 /* libboost_system-vc90-mt-gd-1_43.lib in Frameworks */,
				6003451514F1F0300022DB63 /* libboost_system-vc90-mt-gd.lib in Frameworks */,
				6003451614F1F0300022DB63 /* libboost_system-vc90-mt.lib in Frameworks */,
				6003451714F1F0300022DB63 /* libboost_thread-mgw44-mt-1_43.a in Frameworks */,
				6003451814F1F0300022DB63 /* libboost_thread-mgw44-mt-d-1_43.a in Frameworks */,
				6003451914F1F0300022DB63 /* libboost_thread-vc90-mt-1_43.lib in Frameworks */,
				6003451A14F1F0300022DB63 /* libboost_thread-vc90-mt-gd-1_43.lib in Frameworks */,
				6003451B14F1F0300022DB63 /* libboost_thread-vc90-mt-gd.lib in Frameworks */,
				6003451C14F1F0300022DB63 /* libboost_thread-vc90-mt.lib in Frameworks */,
				6003453D14F1F1140022DB63 /* libcminpack_s-gd.a in Frameworks */,
				6003453E14F1F1140022DB63 /* libcminpack_s.a in Frameworks */,
				6003453F14F1F1140022DB63 /* libflann_cpp_s-gd.a in Frameworks */,
				6003454014F1F1140022DB63 /* libflann_cpp_s.a in Frameworks */,
				6003454114F1F1140022DB63 /* libqhull.a in Frameworks */,
			);
			runOnlyForDeploymentPostprocessing = 0;
		};
/* End PBXFrameworksBuildPhase section */

/* Begin PBXGroup section */
		6003237514F1EB410022DB63 /* ofxPCL */ = {
			isa = PBXGroup;
			children = (
				6003237714F1EB410022DB63 /* libs */,
				6003257C14F1EB410022DB63 /* src */,
			);
			name = ofxPCL;
			path = ../../../addons/ofxPCL;
			sourceTree = "<group>";
		};
		6003237714F1EB410022DB63 /* libs */ = {
			isa = PBXGroup;
			children = (
				6003453614F1F1140022DB63 /* lib */,
				6003250414F1EB410022DB63 /* src */,
			);
			path = libs;
			sourceTree = "<group>";
		};
		6003250414F1EB410022DB63 /* src */ = {
			isa = PBXGroup;
			children = (
				6003250514F1EB410022DB63 /* common */,
				6003250F14F1EB410022DB63 /* features */,
				6003252714F1EB410022DB63 /* filters */,
				6003253014F1EB410022DB63 /* io */,
				6003254514F1EB410022DB63 /* kdtree */,
				6003254B14F1EB410022DB63 /* keypoints */,
				6003254E14F1EB410022DB63 /* octree */,
				6003255014F1EB410022DB63 /* range_image */,
				6003255314F1EB410022DB63 /* registration */,
				6003255714F1EB410022DB63 /* sample_consensus */,
				6003256B14F1EB410022DB63 /* segmentation */,
				6003257014F1EB410022DB63 /* surface */,
			);
			path = src;
			sourceTree = "<group>";
		};
		6003250514F1EB410022DB63 /* common */ = {
			isa = PBXGroup;
			children = (
				6003250614F1EB410022DB63 /* common.cpp */,
				6003250714F1EB410022DB63 /* distances.cpp */,
				6003250814F1EB410022DB63 /* intersections.cpp */,
				6003250914F1EB410022DB63 /* io.cpp */,
				6003250A14F1EB410022DB63 /* parse.cpp */,
				6003250B14F1EB410022DB63 /* pcl_base.cpp */,
				6003250C14F1EB410022DB63 /* poses_from_matches.cpp */,
				6003250D14F1EB410022DB63 /* print.cpp */,
				6003250E14F1EB410022DB63 /* time_trigger.cpp */,
			);
			path = common;
			sourceTree = "<group>";
		};
		6003250F14F1EB410022DB63 /* features */ = {
			isa = PBXGroup;
			children = (
				6003251014F1EB410022DB63 /* boundary.cpp */,
				6003251114F1EB410022DB63 /* cvfh.cpp */,
				6003251214F1EB410022DB63 /* feature.cpp */,
				6003251314F1EB410022DB63 /* fpfh.cpp */,
				6003251414F1EB410022DB63 /* fpfh_omp.cpp */,
				6003251514F1EB410022DB63 /* integral_image_normal.cpp */,
				6003251614F1EB410022DB63 /* intensity_gradient.cpp */,
				6003251714F1EB410022DB63 /* intensity_spin.cpp */,
				6003251814F1EB410022DB63 /* moment_invariants.cpp */,
				6003251914F1EB410022DB63 /* multiscale_feature_persistence.cpp */,
				6003251A14F1EB410022DB63 /* narf.cpp */,
				6003251B14F1EB410022DB63 /* narf_descriptor.cpp */,
				6003251C14F1EB410022DB63 /* normal_3d.cpp */,
				6003251D14F1EB410022DB63 /* normal_3d_omp.cpp */,
				6003251E14F1EB410022DB63 /* pfh.cpp */,
				6003251F14F1EB410022DB63 /* ppf.cpp */,
				6003252014F1EB410022DB63 /* range_image_border_extractor.cpp */,
				6003252114F1EB410022DB63 /* rift.cpp */,
				6003252214F1EB410022DB63 /* rsd.cpp */,
				6003252314F1EB410022DB63 /* shot.cpp */,
				6003252414F1EB410022DB63 /* shot_omp.cpp */,
				6003252514F1EB410022DB63 /* statistical_multiscale_interest_region_extraction.cpp */,
				6003252614F1EB410022DB63 /* vfh.cpp */,
			);
			path = features;
			sourceTree = "<group>";
		};
		6003252714F1EB410022DB63 /* filters */ = {
			isa = PBXGroup;
			children = (
				6003252814F1EB410022DB63 /* conditional_removal.cpp */,
				6003252914F1EB410022DB63 /* extract_indices.cpp */,
				6003252A14F1EB410022DB63 /* filter.cpp */,
				6003252B14F1EB410022DB63 /* passthrough.cpp */,
				6003252C14F1EB410022DB63 /* project_inliers.cpp */,
				6003252D14F1EB410022DB63 /* radius_outlier_removal.cpp */,
				6003252E14F1EB410022DB63 /* statistical_outlier_removal.cpp */,
				6003252F14F1EB410022DB63 /* voxel_grid.cpp */,
			);
			path = filters;
			sourceTree = "<group>";
		};
		6003253014F1EB410022DB63 /* io */ = {
			isa = PBXGroup;
			children = (
				6003253114F1EB410022DB63 /* compression.cpp */,
				6003253214F1EB410022DB63 /* oni_grabber.cpp */,
				6003253314F1EB410022DB63 /* openni_camera */,
				6003254014F1EB410022DB63 /* openni_grabber.cpp */,
				6003254114F1EB410022DB63 /* pcd_grabber.cpp */,
				6003254214F1EB410022DB63 /* pcd_io.cpp */,
				6003254314F1EB410022DB63 /* ply_io.cpp */,
				6003254414F1EB410022DB63 /* vtk_io.cpp */,
			);
			path = io;
			sourceTree = "<group>";
		};
		6003253314F1EB410022DB63 /* openni_camera */ = {
			isa = PBXGroup;
			children = (
				6003253414F1EB410022DB63 /* openni_depth_image.cpp */,
				6003253514F1EB410022DB63 /* openni_device.cpp */,
				6003253614F1EB410022DB63 /* openni_device_kinect.cpp */,
				6003253714F1EB410022DB63 /* openni_device_oni.cpp */,
				6003253814F1EB410022DB63 /* openni_device_primesense.cpp */,
				6003253914F1EB410022DB63 /* openni_device_xtion.cpp */,
				6003253A14F1EB410022DB63 /* openni_driver.cpp */,
				6003253B14F1EB410022DB63 /* openni_exception.cpp */,
				6003253C14F1EB410022DB63 /* openni_image_bayer_grbg.cpp */,
				6003253D14F1EB410022DB63 /* openni_image_rgb24.cpp */,
				6003253E14F1EB410022DB63 /* openni_image_yuv_422.cpp */,
				6003253F14F1EB410022DB63 /* openni_ir_image.cpp */,
			);
			path = openni_camera;
			sourceTree = "<group>";
		};
		6003254514F1EB410022DB63 /* kdtree */ = {
			isa = PBXGroup;
			children = (
				6003254614F1EB410022DB63 /* kdtree.cpp */,
				6003254714F1EB410022DB63 /* kdtree_flann.cpp */,
				6003254814F1EB410022DB63 /* organized_data.cpp */,
				6003254914F1EB410022DB63 /* organized_neighbor_search.cpp */,
				6003254A14F1EB410022DB63 /* tree_types.cpp */,
			);
			path = kdtree;
			sourceTree = "<group>";
		};
		6003254B14F1EB410022DB63 /* keypoints */ = {
			isa = PBXGroup;
			children = (
				6003254C14F1EB410022DB63 /* narf_keypoint.cpp */,
				6003254D14F1EB410022DB63 /* uniform_sampling.cpp */,
			);
			path = keypoints;
			sourceTree = "<group>";
		};
		6003254E14F1EB410022DB63 /* octree */ = {
			isa = PBXGroup;
			children = (
				6003254F14F1EB410022DB63 /* octree_impl.cpp */,
			);
			path = octree;
			sourceTree = "<group>";
		};
		6003255014F1EB410022DB63 /* range_image */ = {
			isa = PBXGroup;
			children = (
				6003255114F1EB410022DB63 /* range_image.cpp */,
				6003255214F1EB410022DB63 /* range_image_planar.cpp */,
			);
			path = range_image;
			sourceTree = "<group>";
		};
		6003255314F1EB410022DB63 /* registration */ = {
			isa = PBXGroup;
			children = (
				6003255414F1EB410022DB63 /* correspondence_estimation.cpp */,
				6003255514F1EB410022DB63 /* pyramid_feature_matching.cpp */,
				6003255614F1EB410022DB63 /* registration.cpp */,
			);
			path = registration;
			sourceTree = "<group>";
		};
		6003255714F1EB410022DB63 /* sample_consensus */ = {
			isa = PBXGroup;
			children = (
				6003255814F1EB410022DB63 /* lmeds.cpp */,
				6003255914F1EB410022DB63 /* mlesac.cpp */,
				6003255A14F1EB410022DB63 /* msac.cpp */,
				6003255B14F1EB410022DB63 /* prosac.cpp */,
				6003255C14F1EB410022DB63 /* ransac.cpp */,
				6003255D14F1EB410022DB63 /* rmsac.cpp */,
				6003255E14F1EB410022DB63 /* rransac.cpp */,
				6003255F14F1EB410022DB63 /* sac_model_circle.cpp */,
				6003256014F1EB410022DB63 /* sac_model_cylinder.cpp */,
				6003256114F1EB410022DB63 /* sac_model_line.cpp */,
				6003256214F1EB410022DB63 /* sac_model_normal_parallel_plane.cpp */,
				6003256314F1EB410022DB63 /* sac_model_normal_plane.cpp */,
				6003256414F1EB410022DB63 /* sac_model_parallel_line.cpp */,
				6003256514F1EB410022DB63 /* sac_model_parallel_plane.cpp */,
				6003256614F1EB410022DB63 /* sac_model_perpendicular_plane.cpp */,
				6003256714F1EB410022DB63 /* sac_model_plane.cpp */,
				6003256814F1EB410022DB63 /* sac_model_registration.cpp */,
				6003256914F1EB410022DB63 /* sac_model_sphere.cpp */,
				6003256A14F1EB410022DB63 /* sac_model_stick.cpp */,
			);
			path = sample_consensus;
			sourceTree = "<group>";
		};
		6003256B14F1EB410022DB63 /* segmentation */ = {
			isa = PBXGroup;
			children = (
				6003256C14F1EB410022DB63 /* extract_clusters.cpp */,
				6003256D14F1EB410022DB63 /* extract_polygonal_prism_data.cpp */,
				6003256E14F1EB410022DB63 /* sac_segmentation.cpp */,
				6003256F14F1EB410022DB63 /* segment_differences.cpp */,
			);
			path = segmentation;
			sourceTree = "<group>";
		};
		6003257014F1EB410022DB63 /* surface */ = {
			isa = PBXGroup;
			children = (
				6003257114F1EB410022DB63 /* concave_hull.cpp */,
				6003257214F1EB410022DB63 /* convex_hull.cpp */,
				6003257314F1EB410022DB63 /* gp3.cpp */,
				6003257414F1EB410022DB63 /* grid_projection.cpp */,
				6003257514F1EB410022DB63 /* marching_cubes.cpp */,
				6003257614F1EB410022DB63 /* marching_cubes_greedy.cpp */,
				6003257714F1EB410022DB63 /* mls.cpp */,
				6003257814F1EB410022DB63 /* organized_fast_mesh.cpp */,
				6003257914F1EB410022DB63 /* simplification_remove_unused_vertices.cpp */,
				6003257A14F1EB410022DB63 /* surfel_smoothing.cpp */,
			);
			path = surface;
			sourceTree = "<group>";
		};
		6003257C14F1EB410022DB63 /* src */ = {
			isa = PBXGroup;
			children = (
				6003257D14F1EB410022DB63 /* ofxPCL.cpp */,
				6003257E14F1EB410022DB63 /* ofxPCL.h */,
				6003257F14F1EB410022DB63 /* Tree.h */,
				6003258014F1EB410022DB63 /* Types.h */,
				6003258114F1EB410022DB63 /* Utility.h */,
			);
			path = src;
			sourceTree = "<group>";
		};
		600325F114F1F0200022DB63 /* ofxBoost */ = {
			isa = PBXGroup;
			children = (
				600325F314F1F0200022DB63 /* lib */,
			);
			name = ofxBoost;
			path = ../../../addons/ofxBoost;
			sourceTree = "<group>";
		};
		600325F314F1F0200022DB63 /* lib */ = {
			isa = PBXGroup;
			children = (
				600325F414F1F0200022DB63 /* mac */,
				600325F914F1F0200022DB63 /* win */,
			);
			path = lib;
			sourceTree = "<group>";
		};
		600325F414F1F0200022DB63 /* mac */ = {
			isa = PBXGroup;
			children = (
				600325F514F1F0200022DB63 /* libboost_filesystem-xgcc42-mt-1_43.a */,
				600325F614F1F0200022DB63 /* libboost_regex-xgcc42-mt-1_43.a */,
				600325F714F1F0200022DB63 /* libboost_system-xgcc42-mt-1_43.a */,
				600325F814F1F0200022DB63 /* libboost_thread-xgcc42-mt-1_43.a */,
			);
			path = mac;
			sourceTree = "<group>";
		};
		600325F914F1F0200022DB63 /* win */ = {
			isa = PBXGroup;
			children = (
				600325FA14F1F0200022DB63 /* libboost_filesystem-mgw34-mt-1_43.a */,
				600325FB14F1F0200022DB63 /* libboost_filesystem-mgw34-mt-d-1_43.a */,
				600325FC14F1F0200022DB63 /* libboost_system-mgw34-mt-1_43.a */,
				600325FD14F1F0200022DB63 /* libboost_system-mgw34-mt-d-1_43.a */,
				600325FE14F1F0200022DB63 /* libboost_thread-mgw34-mt-1_43.a */,
				600325FF14F1F0200022DB63 /* libboost_thread-mgw34-mt-d-1_43.a */,
				6003260014F1F0200022DB63 /* win64 */,
			);
			path = win;
			sourceTree = "<group>";
		};
		6003260014F1F0200022DB63 /* win64 */ = {
			isa = PBXGroup;
			children = (
				6003260114F1F0200022DB63 /* libboost_filesystem-mgw44-mt-1_43.a */,
				6003260214F1F0200022DB63 /* libboost_filesystem-mgw44-mt-d-1_43.a */,
				6003260314F1F0200022DB63 /* libboost_filesystem-vc90-mt-1_43.lib */,
				6003260414F1F0200022DB63 /* libboost_filesystem-vc90-mt-gd-1_43.lib */,
				6003260514F1F0200022DB63 /* libboost_filesystem-vc90-mt-gd.lib */,
				6003260614F1F0200022DB63 /* libboost_filesystem-vc90-mt.lib */,
				6003260714F1F0200022DB63 /* libboost_system-mgw44-mt-1_43.a */,
				6003260814F1F0200022DB63 /* libboost_system-mgw44-mt-d-1_43.a */,
				6003260914F1F0200022DB63 /* libboost_system-vc90-mt-1_43.lib */,
				6003260A14F1F0200022DB63 /* libboost_system-vc90-mt-gd-1_43.lib */,
				6003260B14F1F0200022DB63 /* libboost_system-vc90-mt-gd.lib */,
				6003260C14F1F0200022DB63 /* libboost_system-vc90-mt.lib */,
				6003260D14F1F0200022DB63 /* libboost_thread-mgw44-mt-1_43.a */,
				6003260E14F1F0200022DB63 /* libboost_thread-mgw44-mt-d-1_43.a */,
				6003260F14F1F0200022DB63 /* libboost_thread-vc90-mt-1_43.lib */,
				6003261014F1F0200022DB63 /* libboost_thread-vc90-mt-gd-1_43.lib */,
				6003261114F1F0200022DB63 /* libboost_thread-vc90-mt-gd.lib */,
				6003261214F1F0200022DB63 /* libboost_thread-vc90-mt.lib */,
			);
			path = win64;
			sourceTree = "<group>";
		};
		6003453614F1F1140022DB63 /* lib */ = {
			isa = PBXGroup;
			children = (
				6003453714F1F1140022DB63 /* osx */,
			);
			path = lib;
			sourceTree = "<group>";
		};
		6003453714F1F1140022DB63 /* osx */ = {
			isa = PBXGroup;
			children = (
				6003453814F1F1140022DB63 /* libcminpack_s-gd.a */,
				6003453914F1F1140022DB63 /* libcminpack_s.a */,
				6003453A14F1F1140022DB63 /* libflann_cpp_s-gd.a */,
				6003453B14F1F1140022DB63 /* libflann_cpp_s.a */,
				6003453C14F1F1140022DB63 /* libqhull.a */,
			);
			path = osx;
			sourceTree = "<group>";
		};
		BB4B014C10F69532006C3DED /* addons */ = {
			isa = PBXGroup;
			children = (
				600325F114F1F0200022DB63 /* ofxBoost */,
				6003237514F1EB410022DB63 /* ofxPCL */,
			);
			name = addons;
			sourceTree = "<group>";
		};
		BBAB23C913894ECA00AA2426 /* system frameworks */ = {
			isa = PBXGroup;
			children = (
				E4C2424410CC5A17004149E2 /* AppKit.framework */,
				E4C2424510CC5A17004149E2 /* Cocoa.framework */,
				E4C2424610CC5A17004149E2 /* IOKit.framework */,
				E45BE9710E8CC7DD009D7055 /* AGL.framework */,
				E45BE9720E8CC7DD009D7055 /* ApplicationServices.framework */,
				E45BE9730E8CC7DD009D7055 /* AudioToolbox.framework */,
				E45BE9740E8CC7DD009D7055 /* Carbon.framework */,
				E45BE9750E8CC7DD009D7055 /* CoreAudio.framework */,
				E45BE9760E8CC7DD009D7055 /* CoreFoundation.framework */,
				E45BE9770E8CC7DD009D7055 /* CoreServices.framework */,
				E45BE9790E8CC7DD009D7055 /* OpenGL.framework */,
				E45BE97A0E8CC7DD009D7055 /* QuickTime.framework */,
			);
			name = "system frameworks";
			sourceTree = "<group>";
		};
		BBAB23CA13894EDB00AA2426 /* 3rd party frameworks */ = {
			isa = PBXGroup;
			children = (
				BBAB23BE13894E4700AA2426 /* GLUT.framework */,
			);
			name = "3rd party frameworks";
			sourceTree = "<group>";
		};
		E4328144138ABC890047C5CB /* Products */ = {
			isa = PBXGroup;
			children = (
				E4328148138ABC890047C5CB /* openFrameworksDebug.a */,
			);
			name = Products;
			sourceTree = "<group>";
		};
		E45BE5980E8CC70C009D7055 /* frameworks */ = {
			isa = PBXGroup;
			children = (
				BBAB23CA13894EDB00AA2426 /* 3rd party frameworks */,
				BBAB23C913894ECA00AA2426 /* system frameworks */,
			);
			name = frameworks;
			sourceTree = "<group>";
		};
		E4B69B4A0A3A1720003C02F2 = {
			isa = PBXGroup;
			children = (
				E4B6FCAD0C3E899E008CF71C /* openFrameworks-Info.plist */,
				E4EB6923138AFD0F00A09F29 /* Project.xcconfig */,
				E4B69E1C0A3A1BDC003C02F2 /* src */,
				E4EEC9E9138DF44700A80321 /* openFrameworks */,
				BB4B014C10F69532006C3DED /* addons */,
				E45BE5980E8CC70C009D7055 /* frameworks */,
				E4B69B5B0A3A1756003C02F2 /* emptyExampleDebug.app */,
			);
			sourceTree = "<group>";
		};
		E4B69E1C0A3A1BDC003C02F2 /* src */ = {
			isa = PBXGroup;
			children = (
				E4B69E1D0A3A1BDC003C02F2 /* main.cpp */,
				E4B69E1E0A3A1BDC003C02F2 /* testApp.cpp */,
				E4B69E1F0A3A1BDC003C02F2 /* testApp.h */,
			);
			path = src;
			sourceTree = SOURCE_ROOT;
		};
		E4EEC9E9138DF44700A80321 /* openFrameworks */ = {
			isa = PBXGroup;
			children = (
				E4EB691F138AFCF100A09F29 /* CoreOF.xcconfig */,
				E4328143138ABC890047C5CB /* openFrameworksLib.xcodeproj */,
			);
			name = openFrameworks;
			sourceTree = "<group>";
		};
/* End PBXGroup section */

/* Begin PBXNativeTarget section */
		E4B69B5A0A3A1756003C02F2 /* emptyExample */ = {
			isa = PBXNativeTarget;
			buildConfigurationList = E4B69B5F0A3A1757003C02F2 /* Build configuration list for PBXNativeTarget "emptyExample" */;
			buildPhases = (
				E4B69B580A3A1756003C02F2 /* Sources */,
				E4B69B590A3A1756003C02F2 /* Frameworks */,
				E4B6FFFD0C3F9AB9008CF71C /* ShellScript */,
				E4C2427710CC5ABF004149E2 /* CopyFiles */,
			);
			buildRules = (
			);
			dependencies = (
				E4EEB9AC138B136A00A80321 /* PBXTargetDependency */,
			);
			name = emptyExample;
			productName = myOFApp;
			productReference = E4B69B5B0A3A1756003C02F2 /* emptyExampleDebug.app */;
			productType = "com.apple.product-type.application";
		};
/* End PBXNativeTarget section */

/* Begin PBXProject section */
		E4B69B4C0A3A1720003C02F2 /* Project object */ = {
			isa = PBXProject;
			buildConfigurationList = E4B69B4D0A3A1720003C02F2 /* Build configuration list for PBXProject "emptyExample" */;
			compatibilityVersion = "Xcode 2.4";
			developmentRegion = English;
			hasScannedForEncodings = 0;
			knownRegions = (
				English,
				Japanese,
				French,
				German,
			);
			mainGroup = E4B69B4A0A3A1720003C02F2;
			productRefGroup = E4B69B4A0A3A1720003C02F2;
			projectDirPath = "";
			projectReferences = (
				{
					ProductGroup = E4328144138ABC890047C5CB /* Products */;
					ProjectRef = E4328143138ABC890047C5CB /* openFrameworksLib.xcodeproj */;
				},
			);
			projectRoot = "";
			targets = (
				E4B69B5A0A3A1756003C02F2 /* emptyExample */,
			);
		};
/* End PBXProject section */

/* Begin PBXReferenceProxy section */
		E4328148138ABC890047C5CB /* openFrameworksDebug.a */ = {
			isa = PBXReferenceProxy;
			fileType = archive.ar;
			path = openFrameworksDebug.a;
			remoteRef = E4328147138ABC890047C5CB /* PBXContainerItemProxy */;
			sourceTree = BUILT_PRODUCTS_DIR;
		};
/* End PBXReferenceProxy section */

/* Begin PBXShellScriptBuildPhase section */
		E4B6FFFD0C3F9AB9008CF71C /* ShellScript */ = {
			isa = PBXShellScriptBuildPhase;
			buildActionMask = 2147483647;
			files = (
			);
			inputPaths = (
			);
			outputPaths = (
			);
			runOnlyForDeploymentPostprocessing = 0;
			shellPath = /bin/sh;
			shellScript = "cp -f ../../../libs/fmodex/lib/osx/libfmodex.dylib \"$TARGET_BUILD_DIR/$PRODUCT_NAME.app/Contents/MacOS/libfmodex.dylib\"; install_name_tool -change ./libfmodex.dylib @executable_path/libfmodex.dylib \"$TARGET_BUILD_DIR/$PRODUCT_NAME.app/Contents/MacOS/$PRODUCT_NAME\";";
		};
/* End PBXShellScriptBuildPhase section */

/* Begin PBXSourcesBuildPhase section */
		E4B69B580A3A1756003C02F2 /* Sources */ = {
			isa = PBXSourcesBuildPhase;
			buildActionMask = 2147483647;
			files = (
				E4B69E200A3A1BDC003C02F2 /* main.cpp in Sources */,
				E4B69E210A3A1BDC003C02F2 /* testApp.cpp in Sources */,
				6003258714F1EB410022DB63 /* common.cpp in Sources */,
				6003258814F1EB410022DB63 /* distances.cpp in Sources */,
				6003258914F1EB410022DB63 /* intersections.cpp in Sources */,
				6003258A14F1EB410022DB63 /* io.cpp in Sources */,
				6003258B14F1EB410022DB63 /* parse.cpp in Sources */,
				6003258C14F1EB410022DB63 /* pcl_base.cpp in Sources */,
				6003258D14F1EB410022DB63 /* poses_from_matches.cpp in Sources */,
				6003258E14F1EB410022DB63 /* print.cpp in Sources */,
				6003258F14F1EB410022DB63 /* time_trigger.cpp in Sources */,
				6003259014F1EB410022DB63 /* boundary.cpp in Sources */,
				6003259114F1EB410022DB63 /* cvfh.cpp in Sources */,
				6003259214F1EB410022DB63 /* feature.cpp in Sources */,
				6003259314F1EB410022DB63 /* fpfh.cpp in Sources */,
				6003259414F1EB410022DB63 /* fpfh_omp.cpp in Sources */,
				6003259514F1EB410022DB63 /* integral_image_normal.cpp in Sources */,
				6003259614F1EB410022DB63 /* intensity_gradient.cpp in Sources */,
				6003259714F1EB410022DB63 /* intensity_spin.cpp in Sources */,
				6003259814F1EB410022DB63 /* moment_invariants.cpp in Sources */,
				6003259914F1EB410022DB63 /* multiscale_feature_persistence.cpp in Sources */,
				6003259A14F1EB410022DB63 /* narf.cpp in Sources */,
				6003259B14F1EB410022DB63 /* narf_descriptor.cpp in Sources */,
				6003259C14F1EB410022DB63 /* normal_3d.cpp in Sources */,
				6003259D14F1EB410022DB63 /* normal_3d_omp.cpp in Sources */,
				6003259E14F1EB410022DB63 /* pfh.cpp in Sources */,
				6003259F14F1EB410022DB63 /* ppf.cpp in Sources */,
				600325A014F1EB410022DB63 /* range_image_border_extractor.cpp in Sources */,
				600325A114F1EB410022DB63 /* rift.cpp in Sources */,
				600325A214F1EB410022DB63 /* rsd.cpp in Sources */,
				600325A314F1EB410022DB63 /* shot.cpp in Sources */,
				600325A414F1EB410022DB63 /* shot_omp.cpp in Sources */,
				600325A514F1EB410022DB63 /* statistical_multiscale_interest_region_extraction.cpp in Sources */,
				600325A614F1EB410022DB63 /* vfh.cpp in Sources */,
				600325A714F1EB410022DB63 /* conditional_removal.cpp in Sources */,
				600325A814F1EB410022DB63 /* extract_indices.cpp in Sources */,
				600325A914F1EB410022DB63 /* filter.cpp in Sources */,
				600325AA14F1EB410022DB63 /* passthrough.cpp in Sources */,
				600325AB14F1EB410022DB63 /* project_inliers.cpp in Sources */,
				600325AC14F1EB410022DB63 /* radius_outlier_removal.cpp in Sources */,
				600325AD14F1EB410022DB63 /* statistical_outlier_removal.cpp in Sources */,
				600325AE14F1EB410022DB63 /* voxel_grid.cpp in Sources */,
				600325AF14F1EB410022DB63 /* compression.cpp in Sources */,
				600325B014F1EB410022DB63 /* oni_grabber.cpp in Sources */,
				600325B114F1EB410022DB63 /* openni_depth_image.cpp in Sources */,
				600325B214F1EB410022DB63 /* openni_device.cpp in Sources */,
				600325B314F1EB410022DB63 /* openni_device_kinect.cpp in Sources */,
				600325B414F1EB410022DB63 /* openni_device_oni.cpp in Sources */,
				600325B514F1EB410022DB63 /* openni_device_primesense.cpp in Sources */,
				600325B614F1EB410022DB63 /* openni_device_xtion.cpp in Sources */,
				600325B714F1EB410022DB63 /* openni_driver.cpp in Sources */,
				600325B814F1EB410022DB63 /* openni_exception.cpp in Sources */,
				600325B914F1EB410022DB63 /* openni_image_bayer_grbg.cpp in Sources */,
				600325BA14F1EB410022DB63 /* openni_image_rgb24.cpp in Sources */,
				600325BB14F1EB410022DB63 /* openni_image_yuv_422.cpp in Sources */,
				600325BC14F1EB410022DB63 /* openni_ir_image.cpp in Sources */,
				600325BD14F1EB410022DB63 /* openni_grabber.cpp in Sources */,
				600325BE14F1EB410022DB63 /* pcd_grabber.cpp in Sources */,
				600325BF14F1EB410022DB63 /* pcd_io.cpp in Sources */,
				600325C014F1EB410022DB63 /* ply_io.cpp in Sources */,
				600325C114F1EB410022DB63 /* vtk_io.cpp in Sources */,
				600325C214F1EB410022DB63 /* kdtree.cpp in Sources */,
				600325C314F1EB410022DB63 /* kdtree_flann.cpp in Sources */,
				600325C414F1EB410022DB63 /* organized_data.cpp in Sources */,
				600325C514F1EB410022DB63 /* organized_neighbor_search.cpp in Sources */,
				600325C614F1EB410022DB63 /* tree_types.cpp in Sources */,
				600325C714F1EB410022DB63 /* narf_keypoint.cpp in Sources */,
				600325C814F1EB410022DB63 /* uniform_sampling.cpp in Sources */,
				600325C914F1EB410022DB63 /* octree_impl.cpp in Sources */,
				600325CA14F1EB410022DB63 /* range_image.cpp in Sources */,
				600325CB14F1EB410022DB63 /* range_image_planar.cpp in Sources */,
				600325CC14F1EB410022DB63 /* correspondence_estimation.cpp in Sources */,
				600325CD14F1EB410022DB63 /* pyramid_feature_matching.cpp in Sources */,
				600325CE14F1EB410022DB63 /* registration.cpp in Sources */,
				600325CF14F1EB410022DB63 /* lmeds.cpp in Sources */,
				600325D014F1EB410022DB63 /* mlesac.cpp in Sources */,
				600325D114F1EB410022DB63 /* msac.cpp in Sources */,
				600325D214F1EB410022DB63 /* prosac.cpp in Sources */,
				600325D314F1EB410022DB63 /* ransac.cpp in Sources */,
				600325D414F1EB410022DB63 /* rmsac.cpp in Sources */,
				600325D514F1EB410022DB63 /* rransac.cpp in Sources */,
				600325D614F1EB410022DB63 /* sac_model_circle.cpp in Sources */,
				600325D714F1EB410022DB63 /* sac_model_cylinder.cpp in Sources */,
				600325D814F1EB410022DB63 /* sac_model_line.cpp in Sources */,
				600325D914F1EB410022DB63 /* sac_model_normal_parallel_plane.cpp in Sources */,
				600325DA14F1EB410022DB63 /* sac_model_normal_plane.cpp in Sources */,
				600325DB14F1EB410022DB63 /* sac_model_parallel_line.cpp in Sources */,
				600325DC14F1EB410022DB63 /* sac_model_parallel_plane.cpp in Sources */,
				600325DD14F1EB410022DB63 /* sac_model_perpendicular_plane.cpp in Sources */,
				600325DE14F1EB410022DB63 /* sac_model_plane.cpp in Sources */,
				600325DF14F1EB410022DB63 /* sac_model_registration.cpp in Sources */,
				600325E014F1EB410022DB63 /* sac_model_sphere.cpp in Sources */,
				600325E114F1EB410022DB63 /* sac_model_stick.cpp in Sources */,
				600325E214F1EB410022DB63 /* extract_clusters.cpp in Sources */,
				600325E314F1EB410022DB63 /* extract_polygonal_prism_data.cpp in Sources */,
				600325E414F1EB410022DB63 /* sac_segmentation.cpp in Sources */,
				600325E514F1EB410022DB63 /* segment_differences.cpp in Sources */,
				600325E614F1EB410022DB63 /* concave_hull.cpp in Sources */,
				600325E714F1EB410022DB63 /* convex_hull.cpp in Sources */,
				600325E814F1EB410022DB63 /* gp3.cpp in Sources */,
				600325E914F1EB410022DB63 /* grid_projection.cpp in Sources */,
				600325EA14F1EB410022DB63 /* marching_cubes.cpp in Sources */,
				600325EB14F1EB410022DB63 /* marching_cubes_greedy.cpp in Sources */,
				600325EC14F1EB410022DB63 /* mls.cpp in Sources */,
				600325ED14F1EB410022DB63 /* organized_fast_mesh.cpp in Sources */,
				600325EE14F1EB410022DB63 /* simplification_remove_unused_vertices.cpp in Sources */,
				600325EF14F1EB410022DB63 /* surfel_smoothing.cpp in Sources */,
				600325F014F1EB410022DB63 /* ofxPCL.cpp in Sources */,
			);
			runOnlyForDeploymentPostprocessing = 0;
		};
/* End PBXSourcesBuildPhase section */

/* Begin PBXTargetDependency section */
		E4EEB9AC138B136A00A80321 /* PBXTargetDependency */ = {
			isa = PBXTargetDependency;
			name = openFrameworks;
			targetProxy = E4EEB9AB138B136A00A80321 /* PBXContainerItemProxy */;
		};
/* End PBXTargetDependency section */

/* Begin XCBuildConfiguration section */
		E4B69B4E0A3A1720003C02F2 /* Debug */ = {
			isa = XCBuildConfiguration;
			baseConfigurationReference = E4EB6923138AFD0F00A09F29 /* Project.xcconfig */;
			buildSettings = {
				ARCHS = "$(NATIVE_ARCH)";
				CONFIGURATION_BUILD_DIR = "$(SRCROOT)/bin/";
				COPY_PHASE_STRIP = NO;
				DEAD_CODE_STRIPPING = YES;
				GCC_AUTO_VECTORIZATION = YES;
				GCC_ENABLE_SSE3_EXTENSIONS = YES;
				GCC_ENABLE_SUPPLEMENTAL_SSE3_INSTRUCTIONS = YES;
				GCC_INLINES_ARE_PRIVATE_EXTERN = NO;
				GCC_MODEL_TUNING = G5;
				GCC_SYMBOLS_PRIVATE_EXTERN = NO;
				GCC_WARN_ABOUT_DEPRECATED_FUNCTIONS = NO;
				GCC_WARN_ABOUT_INVALID_OFFSETOF_MACRO = NO;
				GCC_WARN_ALLOW_INCOMPLETE_PROTOCOL = NO;
				GCC_WARN_UNINITIALIZED_AUTOS = NO;
				GCC_WARN_UNUSED_VALUE = NO;
				GCC_WARN_UNUSED_VARIABLE = NO;
				OTHER_CPLUSPLUSFLAGS = (
					"-D__MACOSX_CORE__",
					"-lpthread",
				);
			};
			name = Debug;
		};
		E4B69B4F0A3A1720003C02F2 /* Release */ = {
			isa = XCBuildConfiguration;
			baseConfigurationReference = E4EB6923138AFD0F00A09F29 /* Project.xcconfig */;
			buildSettings = {
				ARCHS = "$(NATIVE_ARCH)";
				CONFIGURATION_BUILD_DIR = "$(SRCROOT)/bin/";
				COPY_PHASE_STRIP = YES;
				DEAD_CODE_STRIPPING = YES;
				GCC_AUTO_VECTORIZATION = YES;
				GCC_ENABLE_SSE3_EXTENSIONS = YES;
				GCC_ENABLE_SUPPLEMENTAL_SSE3_INSTRUCTIONS = YES;
				GCC_INLINES_ARE_PRIVATE_EXTERN = NO;
				GCC_MODEL_TUNING = G5;
				GCC_OPTIMIZATION_LEVEL = 3;
				GCC_SYMBOLS_PRIVATE_EXTERN = NO;
				GCC_UNROLL_LOOPS = YES;
				GCC_WARN_ABOUT_DEPRECATED_FUNCTIONS = NO;
				GCC_WARN_ABOUT_INVALID_OFFSETOF_MACRO = NO;
				GCC_WARN_ALLOW_INCOMPLETE_PROTOCOL = NO;
				GCC_WARN_UNINITIALIZED_AUTOS = NO;
				GCC_WARN_UNUSED_VALUE = NO;
				GCC_WARN_UNUSED_VARIABLE = NO;
				OTHER_CPLUSPLUSFLAGS = (
					"-D__MACOSX_CORE__",
					"-lpthread",
				);
			};
			name = Release;
		};
		E4B69B600A3A1757003C02F2 /* Debug */ = {
			isa = XCBuildConfiguration;
			buildSettings = {
				COPY_PHASE_STRIP = NO;
				FRAMEWORK_SEARCH_PATHS = (
					"$(inherited)",
					"$(FRAMEWORK_SEARCH_PATHS_QUOTED_FOR_TARGET_1)",
				);
				FRAMEWORK_SEARCH_PATHS_QUOTED_FOR_TARGET_1 = "\"$(SRCROOT)/../../../libs/glut/lib/osx\"";
				GCC_DYNAMIC_NO_PIC = NO;
				GCC_ENABLE_FIX_AND_CONTINUE = YES;
				GCC_GENERATE_DEBUGGING_SYMBOLS = YES;
				GCC_MODEL_TUNING = G4;
				GCC_PRECOMPILE_PREFIX_HEADER = YES;
				GCC_PREFIX_HEADER = "$(SYSTEM_LIBRARY_DIR)/Frameworks/Carbon.framework/Headers/Carbon.h";
				INFOPLIST_FILE = "openFrameworks-Info.plist";
				INSTALL_PATH = "$(HOME)/Applications";
				LIBRARY_SEARCH_PATHS = (
					"$(inherited)",
					"$(LIBRARY_SEARCH_PATHS_QUOTED_FOR_TARGET_1)",
					"$(LIBRARY_SEARCH_PATHS_QUOTED_FOR_TARGET_2)",
					"$(LIBRARY_SEARCH_PATHS_QUOTED_FOR_TARGET_3)",
					"$(LIBRARY_SEARCH_PATHS_QUOTED_FOR_TARGET_4)",
					"$(LIBRARY_SEARCH_PATHS_QUOTED_FOR_TARGET_5)",
					"$(LIBRARY_SEARCH_PATHS_QUOTED_FOR_TARGET_6)",
					"$(LIBRARY_SEARCH_PATHS_QUOTED_FOR_TARGET_7)",
					"$(LIBRARY_SEARCH_PATHS_QUOTED_FOR_TARGET_8)",
					"$(LIBRARY_SEARCH_PATHS_QUOTED_FOR_TARGET_9)",
					"$(LIBRARY_SEARCH_PATHS_QUOTED_FOR_TARGET_10)",
					"$(LIBRARY_SEARCH_PATHS_QUOTED_FOR_TARGET_11)",
					"$(LIBRARY_SEARCH_PATHS_QUOTED_FOR_TARGET_12)",
					"$(LIBRARY_SEARCH_PATHS_QUOTED_FOR_TARGET_13)",
					"$(LIBRARY_SEARCH_PATHS_QUOTED_FOR_TARGET_14)",
					"$(LIBRARY_SEARCH_PATHS_QUOTED_FOR_TARGET_15)",
					"$(LIBRARY_SEARCH_PATHS_QUOTED_FOR_TARGET_2)",
					"$(LIBRARY_SEARCH_PATHS_QUOTED_FOR_TARGET_3)",
					"$(LIBRARY_SEARCH_PATHS_QUOTED_FOR_TARGET_7)",
					"$(LIBRARY_SEARCH_PATHS_QUOTED_FOR_TARGET_8)",
					"$(LIBRARY_SEARCH_PATHS_QUOTED_FOR_TARGET_9)",
					"$(LIBRARY_SEARCH_PATHS_QUOTED_FOR_TARGET_10)",
					"$(LIBRARY_SEARCH_PATHS_QUOTED_FOR_TARGET_11)",
					"$(LIBRARY_SEARCH_PATHS_QUOTED_FOR_TARGET_12)",
					"$(LIBRARY_SEARCH_PATHS_QUOTED_FOR_TARGET_13)",
					"$(LIBRARY_SEARCH_PATHS_QUOTED_FOR_TARGET_16)",
					"$(LIBRARY_SEARCH_PATHS_QUOTED_FOR_TARGET_17)",
					"$(LIBRARY_SEARCH_PATHS_QUOTED_FOR_TARGET_18)",
					"$(LIBRARY_SEARCH_PATHS_QUOTED_FOR_TARGET_19)",
					"$(LIBRARY_SEARCH_PATHS_QUOTED_FOR_TARGET_20)",
					"$(LIBRARY_SEARCH_PATHS_QUOTED_FOR_TARGET_21)",
					"$(LIBRARY_SEARCH_PATHS_QUOTED_FOR_TARGET_22)",
					"$(LIBRARY_SEARCH_PATHS_QUOTED_FOR_TARGET_23)",
					"$(LIBRARY_SEARCH_PATHS_QUOTED_FOR_TARGET_24)",
					"$(LIBRARY_SEARCH_PATHS_QUOTED_FOR_TARGET_25)",
					"$(LIBRARY_SEARCH_PATHS_QUOTED_FOR_TARGET_26)",
					"$(LIBRARY_SEARCH_PATHS_QUOTED_FOR_TARGET_27)",
					"$(LIBRARY_SEARCH_PATHS_QUOTED_FOR_TARGET_28)",
					"$(LIBRARY_SEARCH_PATHS_QUOTED_FOR_TARGET_29)",
					"$(LIBRARY_SEARCH_PATHS_QUOTED_FOR_TARGET_30)",
					"$(LIBRARY_SEARCH_PATHS_QUOTED_FOR_TARGET_31)",
					"$(LIBRARY_SEARCH_PATHS_QUOTED_FOR_TARGET_32)",
					"$(LIBRARY_SEARCH_PATHS_QUOTED_FOR_TARGET_33)",
					"$(LIBRARY_SEARCH_PATHS_QUOTED_FOR_TARGET_34)",
					"$(LIBRARY_SEARCH_PATHS_QUOTED_FOR_TARGET_35)",
					"$(LIBRARY_SEARCH_PATHS_QUOTED_FOR_TARGET_36)",
					"$(LIBRARY_SEARCH_PATHS_QUOTED_FOR_TARGET_37)",
					"$(LIBRARY_SEARCH_PATHS_QUOTED_FOR_TARGET_38)",
					"$(LIBRARY_SEARCH_PATHS_QUOTED_FOR_TARGET_39)",
					"$(LIBRARY_SEARCH_PATHS_QUOTED_FOR_TARGET_40)",
					"$(LIBRARY_SEARCH_PATHS_QUOTED_FOR_TARGET_41)",
					"$(LIBRARY_SEARCH_PATHS_QUOTED_FOR_TARGET_42)",
					"$(LIBRARY_SEARCH_PATHS_QUOTED_FOR_TARGET_43)",
					"$(LIBRARY_SEARCH_PATHS_QUOTED_FOR_TARGET_44)",
					"$(LIBRARY_SEARCH_PATHS_QUOTED_FOR_TARGET_45)",
					"$(LIBRARY_SEARCH_PATHS_QUOTED_FOR_TARGET_46)",
					"$(LIBRARY_SEARCH_PATHS_QUOTED_FOR_TARGET_47)",
					"$(LIBRARY_SEARCH_PATHS_QUOTED_FOR_TARGET_48)",
					"$(LIBRARY_SEARCH_PATHS_QUOTED_FOR_TARGET_49)",
					"$(LIBRARY_SEARCH_PATHS_QUOTED_FOR_TARGET_50)",
					"$(LIBRARY_SEARCH_PATHS_QUOTED_FOR_TARGET_51)",
					"$(LIBRARY_SEARCH_PATHS_QUOTED_FOR_TARGET_52)",
					"$(LIBRARY_SEARCH_PATHS_QUOTED_FOR_TARGET_1)",
					"$(LIBRARY_SEARCH_PATHS_QUOTED_FOR_TARGET_2)",
					"$(LIBRARY_SEARCH_PATHS_QUOTED_FOR_TARGET_3)",
					"$(LIBRARY_SEARCH_PATHS_QUOTED_FOR_TARGET_4)",
					"$(LIBRARY_SEARCH_PATHS_QUOTED_FOR_TARGET_5)",
					"$(LIBRARY_SEARCH_PATHS_QUOTED_FOR_TARGET_6)",
				);
				LIBRARY_SEARCH_PATHS_QUOTED_FOR_TARGET_1 = "\"$(SRCROOT)/../libs/lib\"";
				LIBRARY_SEARCH_PATHS_QUOTED_FOR_TARGET_2 = "\"$(SRCROOT)/../../../addons/ofxPCL/libs/lib\"";
				LIBRARY_SEARCH_PATHS_QUOTED_FOR_TARGET_3 = "\"$(SRCROOT)/../../../addons/ofxBoost/lib/mac\"";
				LIBRARY_SEARCH_PATHS_QUOTED_FOR_TARGET_4 = "\"$(SRCROOT)/../../../addons/ofxBoost/lib/win\"";
				LIBRARY_SEARCH_PATHS_QUOTED_FOR_TARGET_5 = "\"$(SRCROOT)/../../../addons/ofxBoost/lib/win/win64\"";
				LIBRARY_SEARCH_PATHS_QUOTED_FOR_TARGET_6 = "\"$(SRCROOT)/../../../addons/ofxPCL/libs/lib/osx\"";
				PREBINDING = NO;
				PRODUCT_NAME = "$(TARGET_NAME)Debug";
				WRAPPER_EXTENSION = app;
			};
			name = Debug;
		};
		E4B69B610A3A1757003C02F2 /* Release */ = {
			isa = XCBuildConfiguration;
			buildSettings = {
				COPY_PHASE_STRIP = YES;
				FRAMEWORK_SEARCH_PATHS = (
					"$(inherited)",
					"$(FRAMEWORK_SEARCH_PATHS_QUOTED_FOR_TARGET_1)",
				);
				FRAMEWORK_SEARCH_PATHS_QUOTED_FOR_TARGET_1 = "\"$(SRCROOT)/../../../libs/glut/lib/osx\"";
				GCC_ENABLE_FIX_AND_CONTINUE = NO;
				GCC_GENERATE_DEBUGGING_SYMBOLS = NO;
				GCC_MODEL_TUNING = G4;
				GCC_PRECOMPILE_PREFIX_HEADER = YES;
				GCC_PREFIX_HEADER = "$(SYSTEM_LIBRARY_DIR)/Frameworks/Carbon.framework/Headers/Carbon.h";
				INFOPLIST_FILE = "openFrameworks-Info.plist";
				INSTALL_PATH = "$(HOME)/Applications";
				LIBRARY_SEARCH_PATHS = (
					"$(inherited)",
					"$(LIBRARY_SEARCH_PATHS_QUOTED_FOR_TARGET_1)",
					"$(LIBRARY_SEARCH_PATHS_QUOTED_FOR_TARGET_2)",
					"$(LIBRARY_SEARCH_PATHS_QUOTED_FOR_TARGET_3)",
					"$(LIBRARY_SEARCH_PATHS_QUOTED_FOR_TARGET_4)",
					"$(LIBRARY_SEARCH_PATHS_QUOTED_FOR_TARGET_5)",
					"$(LIBRARY_SEARCH_PATHS_QUOTED_FOR_TARGET_6)",
					"$(LIBRARY_SEARCH_PATHS_QUOTED_FOR_TARGET_7)",
					"$(LIBRARY_SEARCH_PATHS_QUOTED_FOR_TARGET_8)",
					"$(LIBRARY_SEARCH_PATHS_QUOTED_FOR_TARGET_9)",
					"$(LIBRARY_SEARCH_PATHS_QUOTED_FOR_TARGET_10)",
					"$(LIBRARY_SEARCH_PATHS_QUOTED_FOR_TARGET_11)",
					"$(LIBRARY_SEARCH_PATHS_QUOTED_FOR_TARGET_12)",
					"$(LIBRARY_SEARCH_PATHS_QUOTED_FOR_TARGET_13)",
					"$(LIBRARY_SEARCH_PATHS_QUOTED_FOR_TARGET_14)",
					"$(LIBRARY_SEARCH_PATHS_QUOTED_FOR_TARGET_15)",
					"$(LIBRARY_SEARCH_PATHS_QUOTED_FOR_TARGET_2)",
					"$(LIBRARY_SEARCH_PATHS_QUOTED_1)",
					"$(LIBRARY_SEARCH_PATHS_QUOTED_FOR_TARGET_3)",
					"$(LIBRARY_SEARCH_PATHS_QUOTED_FOR_TARGET_7)",
					"$(LIBRARY_SEARCH_PATHS_QUOTED_FOR_TARGET_8)",
					"$(LIBRARY_SEARCH_PATHS_QUOTED_FOR_TARGET_9)",
					"$(LIBRARY_SEARCH_PATHS_QUOTED_FOR_TARGET_10)",
					"$(LIBRARY_SEARCH_PATHS_QUOTED_FOR_TARGET_11)",
					"$(LIBRARY_SEARCH_PATHS_QUOTED_FOR_TARGET_12)",
					"$(LIBRARY_SEARCH_PATHS_QUOTED_FOR_TARGET_13)",
					"$(LIBRARY_SEARCH_PATHS_QUOTED_FOR_TARGET_16)",
					"$(LIBRARY_SEARCH_PATHS_QUOTED_FOR_TARGET_17)",
					"$(LIBRARY_SEARCH_PATHS_QUOTED_FOR_TARGET_18)",
					"$(LIBRARY_SEARCH_PATHS_QUOTED_FOR_TARGET_19)",
					"$(LIBRARY_SEARCH_PATHS_QUOTED_FOR_TARGET_20)",
					"$(LIBRARY_SEARCH_PATHS_QUOTED_FOR_TARGET_21)",
					"$(LIBRARY_SEARCH_PATHS_QUOTED_FOR_TARGET_22)",
					"$(LIBRARY_SEARCH_PATHS_QUOTED_FOR_TARGET_23)",
					"$(LIBRARY_SEARCH_PATHS_QUOTED_FOR_TARGET_24)",
					"$(LIBRARY_SEARCH_PATHS_QUOTED_FOR_TARGET_25)",
					"$(LIBRARY_SEARCH_PATHS_QUOTED_FOR_TARGET_26)",
					"$(LIBRARY_SEARCH_PATHS_QUOTED_FOR_TARGET_27)",
					"$(LIBRARY_SEARCH_PATHS_QUOTED_FOR_TARGET_28)",
					"$(LIBRARY_SEARCH_PATHS_QUOTED_FOR_TARGET_29)",
					"$(LIBRARY_SEARCH_PATHS_QUOTED_FOR_TARGET_30)",
					"$(LIBRARY_SEARCH_PATHS_QUOTED_FOR_TARGET_31)",
					"$(LIBRARY_SEARCH_PATHS_QUOTED_FOR_TARGET_32)",
					"$(LIBRARY_SEARCH_PATHS_QUOTED_FOR_TARGET_33)",
					"$(LIBRARY_SEARCH_PATHS_QUOTED_FOR_TARGET_34)",
					"$(LIBRARY_SEARCH_PATHS_QUOTED_FOR_TARGET_35)",
					"$(LIBRARY_SEARCH_PATHS_QUOTED_FOR_TARGET_36)",
					"$(LIBRARY_SEARCH_PATHS_QUOTED_FOR_TARGET_37)",
					"$(LIBRARY_SEARCH_PATHS_QUOTED_FOR_TARGET_38)",
					"$(LIBRARY_SEARCH_PATHS_QUOTED_FOR_TARGET_39)",
					"$(LIBRARY_SEARCH_PATHS_QUOTED_FOR_TARGET_40)",
					"$(LIBRARY_SEARCH_PATHS_QUOTED_FOR_TARGET_41)",
					"$(LIBRARY_SEARCH_PATHS_QUOTED_FOR_TARGET_42)",
					"$(LIBRARY_SEARCH_PATHS_QUOTED_FOR_TARGET_43)",
					"$(LIBRARY_SEARCH_PATHS_QUOTED_FOR_TARGET_44)",
					"$(LIBRARY_SEARCH_PATHS_QUOTED_FOR_TARGET_45)",
					"$(LIBRARY_SEARCH_PATHS_QUOTED_FOR_TARGET_46)",
					"$(LIBRARY_SEARCH_PATHS_QUOTED_FOR_TARGET_47)",
					"$(LIBRARY_SEARCH_PATHS_QUOTED_FOR_TARGET_48)",
					"$(LIBRARY_SEARCH_PATHS_QUOTED_FOR_TARGET_49)",
					"$(LIBRARY_SEARCH_PATHS_QUOTED_FOR_TARGET_50)",
					"$(LIBRARY_SEARCH_PATHS_QUOTED_FOR_TARGET_51)",
					"$(LIBRARY_SEARCH_PATHS_QUOTED_FOR_TARGET_1)",
					"$(LIBRARY_SEARCH_PATHS_QUOTED_FOR_TARGET_2)",
					"$(LIBRARY_SEARCH_PATHS_QUOTED_FOR_TARGET_3)",
					"$(LIBRARY_SEARCH_PATHS_QUOTED_FOR_TARGET_4)",
					"$(LIBRARY_SEARCH_PATHS_QUOTED_FOR_TARGET_5)",
					"$(LIBRARY_SEARCH_PATHS_QUOTED_FOR_TARGET_6)",
				);
				LIBRARY_SEARCH_PATHS_QUOTED_FOR_TARGET_1 = "\"$(SRCROOT)/../libs/lib\"";
				LIBRARY_SEARCH_PATHS_QUOTED_FOR_TARGET_2 = "\"$(SRCROOT)/../../../addons/ofxPCL/libs/lib\"";
				LIBRARY_SEARCH_PATHS_QUOTED_FOR_TARGET_3 = "\"$(SRCROOT)/../../../addons/ofxBoost/lib/mac\"";
				LIBRARY_SEARCH_PATHS_QUOTED_FOR_TARGET_4 = "\"$(SRCROOT)/../../../addons/ofxBoost/lib/win\"";
				LIBRARY_SEARCH_PATHS_QUOTED_FOR_TARGET_5 = "\"$(SRCROOT)/../../../addons/ofxBoost/lib/win/win64\"";
				LIBRARY_SEARCH_PATHS_QUOTED_FOR_TARGET_6 = "\"$(SRCROOT)/../../../addons/ofxPCL/libs/lib/osx\"";
				PREBINDING = NO;
				PRODUCT_NAME = "$(TARGET_NAME)";
				WRAPPER_EXTENSION = app;
			};
			name = Release;
		};
/* End XCBuildConfiguration section */

/* Begin XCConfigurationList section */
		E4B69B4D0A3A1720003C02F2 /* Build configuration list for PBXProject "emptyExample" */ = {
			isa = XCConfigurationList;
			buildConfigurations = (
				E4B69B4E0A3A1720003C02F2 /* Debug */,
				E4B69B4F0A3A1720003C02F2 /* Release */,
			);
			defaultConfigurationIsVisible = 0;
			defaultConfigurationName = Release;
		};
		E4B69B5F0A3A1757003C02F2 /* Build configuration list for PBXNativeTarget "emptyExample" */ = {
			isa = XCConfigurationList;
			buildConfigurations = (
				E4B69B600A3A1757003C02F2 /* Debug */,
				E4B69B610A3A1757003C02F2 /* Release */,
			);
			defaultConfigurationIsVisible = 0;
			defaultConfigurationName = Release;
		};
/* End XCConfigurationList section */
	};
	rootObject = E4B69B4C0A3A1720003C02F2 /* Project object */;
}
